// !$*UTF8*$!
{
	archiveVersion = 1;
	classes = {
	};
	objectVersion = 56;
	objects = {

/* Begin PBXBuildFile section */
		5A086503298F4BA2000A4F49 /* OtherProfileViewController.swift in Sources */ = {isa = PBXBuildFile; fileRef = 5A086502298F4BA2000A4F49 /* OtherProfileViewController.swift */; };
		5A086505298F7684000A4F49 /* EditDataManager.swift in Sources */ = {isa = PBXBuildFile; fileRef = 5A086504298F7684000A4F49 /* EditDataManager.swift */; };
		5A09627A29892B51001A472E /* UISegmentedControl.swift in Sources */ = {isa = PBXBuildFile; fileRef = 5A09627929892B51001A472E /* UISegmentedControl.swift */; };
		5A09627D29892F81001A472E /* FollowViewController.swift in Sources */ = {isa = PBXBuildFile; fileRef = 5A09627C29892F81001A472E /* FollowViewController.swift */; };
		5A09627F29892F95001A472E /* FollowViewController.storyboard in Resources */ = {isa = PBXBuildFile; fileRef = 5A09627E29892F95001A472E /* FollowViewController.storyboard */; };
		5A0962812989334E001A472E /* UIView.swift in Sources */ = {isa = PBXBuildFile; fileRef = 5A0962802989334E001A472E /* UIView.swift */; };
		5A09628B29893B9B001A472E /* ActivityViewController.swift in Sources */ = {isa = PBXBuildFile; fileRef = 5A09628A29893B9B001A472E /* ActivityViewController.swift */; };
		5A09628D29893BDC001A472E /* KeepViewController.swift in Sources */ = {isa = PBXBuildFile; fileRef = 5A09628C29893BDC001A472E /* KeepViewController.swift */; };
		5A09628F29893C16001A472E /* QRViewController.swift in Sources */ = {isa = PBXBuildFile; fileRef = 5A09628E29893C16001A472E /* QRViewController.swift */; };
		5A09629129893C43001A472E /* SavedViewController.swift in Sources */ = {isa = PBXBuildFile; fileRef = 5A09629029893C43001A472E /* SavedViewController.swift */; };
		5A09629329893C85001A472E /* DigitalViewController.swift in Sources */ = {isa = PBXBuildFile; fileRef = 5A09629229893C85001A472E /* DigitalViewController.swift */; };
		5A09629529893CBE001A472E /* BestFriendsViewController.swift in Sources */ = {isa = PBXBuildFile; fileRef = 5A09629429893CBE001A472E /* BestFriendsViewController.swift */; };
		5A09629729893CF6001A472E /* FavoriteViewController.swift in Sources */ = {isa = PBXBuildFile; fileRef = 5A09629629893CF6001A472E /* FavoriteViewController.swift */; };
		5A0962992989F9D3001A472E /* BFDescriptionViewController.swift in Sources */ = {isa = PBXBuildFile; fileRef = 5A0962982989F9D3001A472E /* BFDescriptionViewController.swift */; };
		5A09629B298A10B0001A472E /* FavDescriptionViewController.swift in Sources */ = {isa = PBXBuildFile; fileRef = 5A09629A298A10B0001A472E /* FavDescriptionViewController.swift */; };
		5A0CD9B8298F9AC700A1E894 /* FollowListViewController.swift in Sources */ = {isa = PBXBuildFile; fileRef = 5A0CD9B7298F9AC700A1E894 /* FollowListViewController.swift */; };
		5A0CD9BC298F9D4A00A1E894 /* FollowerViewController.swift in Sources */ = {isa = PBXBuildFile; fileRef = 5A0CD9BB298F9D4A00A1E894 /* FollowerViewController.swift */; };
		5A0CD9BE298F9D5E00A1E894 /* FolloweeViewController.swift in Sources */ = {isa = PBXBuildFile; fileRef = 5A0CD9BD298F9D5E00A1E894 /* FolloweeViewController.swift */; };
		5A10E1852990E45300E4265C /* MakePostViewController.swift in Sources */ = {isa = PBXBuildFile; fileRef = 5A10E1842990E45300E4265C /* MakePostViewController.swift */; };
		5A10E1982991F49F00E4265C /* GoogleService-Info.plist in Resources */ = {isa = PBXBuildFile; fileRef = 5A10E1972991F49F00E4265C /* GoogleService-Info.plist */; };
		5A10E19E2992420600E4265C /* FirebaseStorageManager.swift in Sources */ = {isa = PBXBuildFile; fileRef = 5A10E19D2992420600E4265C /* FirebaseStorageManager.swift */; };
		5A10E1A02992477000E4265C /* ImageViewController.swift in Sources */ = {isa = PBXBuildFile; fileRef = 5A10E19F2992477000E4265C /* ImageViewController.swift */; };
		5A10E1A229924A1900E4265C /* UIImageView.swift in Sources */ = {isa = PBXBuildFile; fileRef = 5A10E1A129924A1900E4265C /* UIImageView.swift */; };
		5A21F3F4298EA5EB00B114E3 /* ProfileResponse.swift in Sources */ = {isa = PBXBuildFile; fileRef = 5A21F3F3298EA5EB00B114E3 /* ProfileResponse.swift */; };
		5A3D7A3729874EFB0020C74F /* RegisterViewController.swift in Sources */ = {isa = PBXBuildFile; fileRef = 5A3D7A3629874EFB0020C74F /* RegisterViewController.swift */; };
		5A3D7A39298757F30020C74F /* InfoViewController.swift in Sources */ = {isa = PBXBuildFile; fileRef = 5A3D7A38298757F30020C74F /* InfoViewController.swift */; };
		5A3D7A3C2987580E0020C74F /* InfoViewController.storyboard in Resources */ = {isa = PBXBuildFile; fileRef = 5A3D7A3B2987580E0020C74F /* InfoViewController.storyboard */; };
		5A3D7A4329877BE10020C74F /* EmailViewController.swift in Sources */ = {isa = PBXBuildFile; fileRef = 5A3D7A4229877BE10020C74F /* EmailViewController.swift */; };
		5A3D7A4629878A280020C74F /* NameViewController.swift in Sources */ = {isa = PBXBuildFile; fileRef = 5A3D7A4529878A280020C74F /* NameViewController.swift */; };
		5A3D7A492987907E0020C74F /* PasswordViewController.swift in Sources */ = {isa = PBXBuildFile; fileRef = 5A3D7A482987907E0020C74F /* PasswordViewController.swift */; };
		5A3D7A4C298792440020C74F /* UserNameViewController.swift in Sources */ = {isa = PBXBuildFile; fileRef = 5A3D7A4B298792440020C74F /* UserNameViewController.swift */; };
		5A3D7A4F298793260020C74F /* ConfirmViewController.swift in Sources */ = {isa = PBXBuildFile; fileRef = 5A3D7A4E298793260020C74F /* ConfirmViewController.swift */; };
		5A3D7A522987AD920020C74F /* FacebookViewController.swift in Sources */ = {isa = PBXBuildFile; fileRef = 5A3D7A512987AD920020C74F /* FacebookViewController.swift */; };
		5A3D7A552987F2110020C74F /* FacebookRequest.swift in Sources */ = {isa = PBXBuildFile; fileRef = 5A3D7A542987F2110020C74F /* FacebookRequest.swift */; };
		5A3D7A572987F2CE0020C74F /* FacebookResponse.swift in Sources */ = {isa = PBXBuildFile; fileRef = 5A3D7A562987F2CE0020C74F /* FacebookResponse.swift */; };
		5A3D7A592987F3AC0020C74F /* FacebookDataManager.swift in Sources */ = {isa = PBXBuildFile; fileRef = 5A3D7A582987F3AC0020C74F /* FacebookDataManager.swift */; };
		5A3D7A5B2987F77A0020C74F /* PhoneViewController.swift in Sources */ = {isa = PBXBuildFile; fileRef = 5A3D7A5A2987F77A0020C74F /* PhoneViewController.swift */; };
		5A3D7A5E298807C90020C74F /* UserInfoRequest.swift in Sources */ = {isa = PBXBuildFile; fileRef = 5A3D7A5D298807C90020C74F /* UserInfoRequest.swift */; };
		5A3D7A60298807D30020C74F /* UserInfoResponse.swift in Sources */ = {isa = PBXBuildFile; fileRef = 5A3D7A5F298807D30020C74F /* UserInfoResponse.swift */; };
		5A3D7A62298823200020C74F /* ConfirmDataManager.swift in Sources */ = {isa = PBXBuildFile; fileRef = 5A3D7A61298823200020C74F /* ConfirmDataManager.swift */; };
		5A3D7A6629883F310020C74F /* LoginRequest.swift in Sources */ = {isa = PBXBuildFile; fileRef = 5A3D7A6529883F310020C74F /* LoginRequest.swift */; };
		5A3D7A6A298840950020C74F /* LoginDataManager.swift in Sources */ = {isa = PBXBuildFile; fileRef = 5A3D7A69298840950020C74F /* LoginDataManager.swift */; };
		5A3D7A6C298841450020C74F /* LoginResponse.swift in Sources */ = {isa = PBXBuildFile; fileRef = 5A3D7A6B298841450020C74F /* LoginResponse.swift */; };
		5A4AC7B12993A5790021B4B1 /* PrivateEmailDataManager.swift in Sources */ = {isa = PBXBuildFile; fileRef = 5A4AC7B02993A5790021B4B1 /* PrivateEmailDataManager.swift */; };
		5A4AC7B42993A5930021B4B1 /* PrivateEmailResponse.swift in Sources */ = {isa = PBXBuildFile; fileRef = 5A4AC7B32993A5930021B4B1 /* PrivateEmailResponse.swift */; };
		5A4AC7B62993A5FD0021B4B1 /* PrivateEmailRequest.swift in Sources */ = {isa = PBXBuildFile; fileRef = 5A4AC7B52993A5FD0021B4B1 /* PrivateEmailRequest.swift */; };
		5A4AC7B82993AB9D0021B4B1 /* PrivateSingleton.swift in Sources */ = {isa = PBXBuildFile; fileRef = 5A4AC7B72993AB9D0021B4B1 /* PrivateSingleton.swift */; };
		5A4AC7BA2993B3610021B4B1 /* OtherFeedCollectionViewCell.swift in Sources */ = {isa = PBXBuildFile; fileRef = 5A4AC7B92993B3610021B4B1 /* OtherFeedCollectionViewCell.swift */; };
		5A4AC7BD2993B9850021B4B1 /* PrivatePhoneDataManager.swift in Sources */ = {isa = PBXBuildFile; fileRef = 5A4AC7BC2993B9850021B4B1 /* PrivatePhoneDataManager.swift */; };
		5A4AC7BF2993B9900021B4B1 /* PrivatePhoneResponse.swift in Sources */ = {isa = PBXBuildFile; fileRef = 5A4AC7BE2993B9900021B4B1 /* PrivatePhoneResponse.swift */; };
		5A4AC7C12993B99B0021B4B1 /* PrivatePhoneRequest.swift in Sources */ = {isa = PBXBuildFile; fileRef = 5A4AC7C02993B99B0021B4B1 /* PrivatePhoneRequest.swift */; };
		5A4B3AF12988BE38009C221F /* UINavigationController.swift in Sources */ = {isa = PBXBuildFile; fileRef = 5A4B3AF02988BE38009C221F /* UINavigationController.swift */; };
		5A6002812992A2EC005F4F05 /* FolloweeCollectionViewCell.swift in Sources */ = {isa = PBXBuildFile; fileRef = 5A6002802992A2EC005F4F05 /* FolloweeCollectionViewCell.swift */; };
		5A6002842992B61B005F4F05 /* StoryResponse.swift in Sources */ = {isa = PBXBuildFile; fileRef = 5A6002832992B61B005F4F05 /* StoryResponse.swift */; };
		5A60028629931AF2005F4F05 /* StoryRequest.swift in Sources */ = {isa = PBXBuildFile; fileRef = 5A60028529931AF2005F4F05 /* StoryRequest.swift */; };
		5A60028829931BA6005F4F05 /* StoryDataManager.swift in Sources */ = {isa = PBXBuildFile; fileRef = 5A60028729931BA6005F4F05 /* StoryDataManager.swift */; };
		5A7D6F8D2985161F002A1996 /* ReelsViewController.storyboard in Resources */ = {isa = PBXBuildFile; fileRef = 5A7D6F8C2985161F002A1996 /* ReelsViewController.storyboard */; };
		5A7D6F8F2985162A002A1996 /* ReelsViewController.swift in Sources */ = {isa = PBXBuildFile; fileRef = 5A7D6F8E2985162A002A1996 /* ReelsViewController.swift */; };
		5A7D6F9129853B6E002A1996 /* SearchNavigationBarViewController.swift in Sources */ = {isa = PBXBuildFile; fileRef = 5A7D6F9029853B6E002A1996 /* SearchNavigationBarViewController.swift */; };
		5A7D6F942985441D002A1996 /* Constant.swift in Sources */ = {isa = PBXBuildFile; fileRef = 5A7D6F932985441D002A1996 /* Constant.swift */; };
		5A7D6F9C2985456B002A1996 /* NotoSansCJKkr-Medium.otf in Resources */ = {isa = PBXBuildFile; fileRef = 5A7D6F992985456B002A1996 /* NotoSansCJKkr-Medium.otf */; };
		5A7D6F9D2985456B002A1996 /* NotoSansCJKkr-Regular.otf in Resources */ = {isa = PBXBuildFile; fileRef = 5A7D6F9A2985456B002A1996 /* NotoSansCJKkr-Regular.otf */; };
		5A7D6F9E2985456B002A1996 /* NotoSansCJKkr-Bold.otf in Resources */ = {isa = PBXBuildFile; fileRef = 5A7D6F9B2985456B002A1996 /* NotoSansCJKkr-Bold.otf */; };
		5A7D6FA0298545E2002A1996 /* IndicatorView.swift in Sources */ = {isa = PBXBuildFile; fileRef = 5A7D6F9F298545E2002A1996 /* IndicatorView.swift */; };
		5A7D6FA2298546F5002A1996 /* Device.swift in Sources */ = {isa = PBXBuildFile; fileRef = 5A7D6FA1298546F5002A1996 /* Device.swift */; };
		5A7D6FA529854724002A1996 /* Date.swift in Sources */ = {isa = PBXBuildFile; fileRef = 5A7D6FA429854724002A1996 /* Date.swift */; };
		5A7D6FA729854736002A1996 /* String.swift in Sources */ = {isa = PBXBuildFile; fileRef = 5A7D6FA629854736002A1996 /* String.swift */; };
		5A7D6FA92985473C002A1996 /* UIColor.swift in Sources */ = {isa = PBXBuildFile; fileRef = 5A7D6FA82985473C002A1996 /* UIColor.swift */; };
		5A7D6FAB29854742002A1996 /* UIFont.swift in Sources */ = {isa = PBXBuildFile; fileRef = 5A7D6FAA29854742002A1996 /* UIFont.swift */; };
		5A7D6FAD2985474B002A1996 /* UIButton.swift in Sources */ = {isa = PBXBuildFile; fileRef = 5A7D6FAC2985474B002A1996 /* UIButton.swift */; };
		5A7D6FAF29854754002A1996 /* UIViewController.swift in Sources */ = {isa = PBXBuildFile; fileRef = 5A7D6FAE29854754002A1996 /* UIViewController.swift */; };
		5A7D6FB129854760002A1996 /* UINavigationBar.swift in Sources */ = {isa = PBXBuildFile; fileRef = 5A7D6FB029854760002A1996 /* UINavigationBar.swift */; };
		5A7D6FB3298548C9002A1996 /* ShopNavigationBarViewController.swift in Sources */ = {isa = PBXBuildFile; fileRef = 5A7D6FB2298548C9002A1996 /* ShopNavigationBarViewController.swift */; };
		5A7D6FB529855EAE002A1996 /* ProfileNavigationBarViewController.swift in Sources */ = {isa = PBXBuildFile; fileRef = 5A7D6FB429855EAE002A1996 /* ProfileNavigationBarViewController.swift */; };
		5A7D6FB72985639B002A1996 /* ProfileModalViewController.swift in Sources */ = {isa = PBXBuildFile; fileRef = 5A7D6FB62985639B002A1996 /* ProfileModalViewController.swift */; };
		5A7D6FBB298566B5002A1996 /* ProfileModalViewController.storyboard in Resources */ = {isa = PBXBuildFile; fileRef = 5A7D6FBA298566B5002A1996 /* ProfileModalViewController.storyboard */; };
		5A7D6FC12985F960002A1996 /* ModalTableViewCell.swift in Sources */ = {isa = PBXBuildFile; fileRef = 5A7D6FC02985F960002A1996 /* ModalTableViewCell.swift */; };
		5A7D6FC529861E49002A1996 /* LoginViewController.swift in Sources */ = {isa = PBXBuildFile; fileRef = 5A7D6FC429861E49002A1996 /* LoginViewController.swift */; };
		5A7FD341298DFB1900872DB1 /* StoryViewController.swift in Sources */ = {isa = PBXBuildFile; fileRef = 5A7FD340298DFB1900872DB1 /* StoryViewController.swift */; };
		5A7FD343298DFB7500872DB1 /* StoryCollectionViewCell.swift in Sources */ = {isa = PBXBuildFile; fileRef = 5A7FD342298DFB7500872DB1 /* StoryCollectionViewCell.swift */; };
		5A7FD345298E28DF00872DB1 /* FeedCollectionViewCell.swift in Sources */ = {isa = PBXBuildFile; fileRef = 5A7FD344298E28DF00872DB1 /* FeedCollectionViewCell.swift */; };
		5A7FD347298E28E900872DB1 /* FeedViewController.swift in Sources */ = {isa = PBXBuildFile; fileRef = 5A7FD346298E28E900872DB1 /* FeedViewController.swift */; };
		5A820B662984FBCB00F3784F /* AppDelegate.swift in Sources */ = {isa = PBXBuildFile; fileRef = 5A820B652984FBCB00F3784F /* AppDelegate.swift */; };
		5A820B682984FBCB00F3784F /* SceneDelegate.swift in Sources */ = {isa = PBXBuildFile; fileRef = 5A820B672984FBCB00F3784F /* SceneDelegate.swift */; };
		5A820B6A2984FBCB00F3784F /* ViewController.swift in Sources */ = {isa = PBXBuildFile; fileRef = 5A820B692984FBCB00F3784F /* ViewController.swift */; };
		5A820B6D2984FBCB00F3784F /* Main.storyboard in Resources */ = {isa = PBXBuildFile; fileRef = 5A820B6B2984FBCB00F3784F /* Main.storyboard */; };
		5A820B6F2984FBCD00F3784F /* Assets.xcassets in Resources */ = {isa = PBXBuildFile; fileRef = 5A820B6E2984FBCD00F3784F /* Assets.xcassets */; };
		5A820B722984FBCD00F3784F /* LaunchScreen.storyboard in Resources */ = {isa = PBXBuildFile; fileRef = 5A820B702984FBCD00F3784F /* LaunchScreen.storyboard */; };
		5A820B8129850F0600F3784F /* ProfileViewController.storyboard in Resources */ = {isa = PBXBuildFile; fileRef = 5A820B8029850F0600F3784F /* ProfileViewController.storyboard */; };
		5A820B8329850F0E00F3784F /* ProfileViewController.swift in Sources */ = {isa = PBXBuildFile; fileRef = 5A820B8229850F0E00F3784F /* ProfileViewController.swift */; };
		5A820B852985127B00F3784F /* SearchViewController.storyboard in Resources */ = {isa = PBXBuildFile; fileRef = 5A820B842985127B00F3784F /* SearchViewController.storyboard */; };
		5A820B872985128500F3784F /* SearchViewController.swift in Sources */ = {isa = PBXBuildFile; fileRef = 5A820B862985128500F3784F /* SearchViewController.swift */; };
		5A820B8D298513CD00F3784F /* ShopViewController.storyboard in Resources */ = {isa = PBXBuildFile; fileRef = 5A820B8C298513CD00F3784F /* ShopViewController.storyboard */; };
		5A820B8F298513D200F3784F /* ShopViewController.swift in Sources */ = {isa = PBXBuildFile; fileRef = 5A820B8E298513D200F3784F /* ShopViewController.swift */; };
		5A84D9D7298B721F006E8D66 /* SearchTapViewController.swift in Sources */ = {isa = PBXBuildFile; fileRef = 5A84D9D6298B721F006E8D66 /* SearchTapViewController.swift */; };
		5A84D9DB298B7411006E8D66 /* SearchCollectionViewCell.swift in Sources */ = {isa = PBXBuildFile; fileRef = 5A84D9DA298B7411006E8D66 /* SearchCollectionViewCell.swift */; };
		5A84D9DD298B87B7006E8D66 /* UIImage.swift in Sources */ = {isa = PBXBuildFile; fileRef = 5A84D9DC298B87B7006E8D66 /* UIImage.swift */; };
		5A84D9E1298BD281006E8D66 /* CommentViewController.swift in Sources */ = {isa = PBXBuildFile; fileRef = 5A84D9E0298BD281006E8D66 /* CommentViewController.swift */; };
		5A84D9E3298BF714006E8D66 /* UITabBarController.swift in Sources */ = {isa = PBXBuildFile; fileRef = 5A84D9E2298BF713006E8D66 /* UITabBarController.swift */; };
		5A84D9E6298CAB8F006E8D66 /* NoticeViewController.swift in Sources */ = {isa = PBXBuildFile; fileRef = 5A84D9E5298CAB8F006E8D66 /* NoticeViewController.swift */; };
		5A84D9E8298CABA5006E8D66 /* NoticeViewController.storyboard in Resources */ = {isa = PBXBuildFile; fileRef = 5A84D9E7298CABA5006E8D66 /* NoticeViewController.storyboard */; };
		5A84DA04298CF0EC006E8D66 /* DefaultNavigationController.swift in Sources */ = {isa = PBXBuildFile; fileRef = 5A84DA03298CF0EC006E8D66 /* DefaultNavigationController.swift */; };
		5A84DA0F298D0A5C006E8D66 /* ProfileMakeViewController.storyboard in Resources */ = {isa = PBXBuildFile; fileRef = 5A84DA0E298D0A5C006E8D66 /* ProfileMakeViewController.storyboard */; };
		5A84DA11298D0A67006E8D66 /* ProfileMakeViewController.swift in Sources */ = {isa = PBXBuildFile; fileRef = 5A84DA10298D0A67006E8D66 /* ProfileMakeViewController.swift */; };
		5A84DA18298D26C8006E8D66 /* MakeTableViewCell.swift in Sources */ = {isa = PBXBuildFile; fileRef = 5A84DA17298D26C8006E8D66 /* MakeTableViewCell.swift */; };
		5A84DA1A298D332E006E8D66 /* MakeReelsViewController.swift in Sources */ = {isa = PBXBuildFile; fileRef = 5A84DA19298D332E006E8D66 /* MakeReelsViewController.swift */; };
		5A84DA1E298D3363006E8D66 /* MakeContentsViewController.swift in Sources */ = {isa = PBXBuildFile; fileRef = 5A84DA1D298D3363006E8D66 /* MakeContentsViewController.swift */; };
		5A84DA22298D3391006E8D66 /* MakeStoryViewController.swift in Sources */ = {isa = PBXBuildFile; fileRef = 5A84DA21298D3391006E8D66 /* MakeStoryViewController.swift */; };
		5A84DA28298D377F006E8D66 /* MakeHighlightsViewController.swift in Sources */ = {isa = PBXBuildFile; fileRef = 5A84DA27298D377F006E8D66 /* MakeHighlightsViewController.swift */; };
		5A84DA2A298D37A6006E8D66 /* MakeLiveViewController.swift in Sources */ = {isa = PBXBuildFile; fileRef = 5A84DA29298D37A6006E8D66 /* MakeLiveViewController.swift */; };
		5A84DA2F298D3A06006E8D66 /* MakeGuideViewController.swift in Sources */ = {isa = PBXBuildFile; fileRef = 5A84DA2E298D3A06006E8D66 /* MakeGuideViewController.swift */; };
		5A84DA33298D799D006E8D66 /* ContentsImageCollectionViewCell.swift in Sources */ = {isa = PBXBuildFile; fileRef = 5A84DA32298D799D006E8D66 /* ContentsImageCollectionViewCell.swift */; };
		5A87F3E0298A6F470016F69A /* CustomTextFields.swift in Sources */ = {isa = PBXBuildFile; fileRef = 5A87F3DF298A6F470016F69A /* CustomTextFields.swift */; };
		5A87F3E2298A7FBA0016F69A /* EditRequest.swift in Sources */ = {isa = PBXBuildFile; fileRef = 5A87F3E1298A7FBA0016F69A /* EditRequest.swift */; };
		5A87F3E5298A809F0016F69A /* EditResponse.swift in Sources */ = {isa = PBXBuildFile; fileRef = 5A87F3E4298A809F0016F69A /* EditResponse.swift */; };
		5A87F3E7298A82F90016F69A /* EditSingleton.swift in Sources */ = {isa = PBXBuildFile; fileRef = 5A87F3E6298A82F80016F69A /* EditSingleton.swift */; };
		5A87F3E9298A87B90016F69A /* AddLinkViewController.swift in Sources */ = {isa = PBXBuildFile; fileRef = 5A87F3E8298A87B90016F69A /* AddLinkViewController.swift */; };
		5A87F3EB298A8C7C0016F69A /* UIAlertAction.swift in Sources */ = {isa = PBXBuildFile; fileRef = 5A87F3EA298A8C7C0016F69A /* UIAlertAction.swift */; };
		5A87F3F1298A98340016F69A /* PrivateEmailViewController.swift in Sources */ = {isa = PBXBuildFile; fileRef = 5A87F3F0298A98340016F69A /* PrivateEmailViewController.swift */; };
		5A87F3F3298A984D0016F69A /* PrivateEmailViewController.storyboard in Resources */ = {isa = PBXBuildFile; fileRef = 5A87F3F2298A984D0016F69A /* PrivateEmailViewController.storyboard */; };
		5A87F3F5298A99740016F69A /* PrivatePhoneViewController.swift in Sources */ = {isa = PBXBuildFile; fileRef = 5A87F3F4298A99740016F69A /* PrivatePhoneViewController.swift */; };
		5A87F3F7298A998B0016F69A /* PrivatePhoneViewController.storyboard in Resources */ = {isa = PBXBuildFile; fileRef = 5A87F3F6298A998B0016F69A /* PrivatePhoneViewController.storyboard */; };
		5A87F3F9298A99A40016F69A /* PrivateGenderViewController.storyboard in Resources */ = {isa = PBXBuildFile; fileRef = 5A87F3F8298A99A40016F69A /* PrivateGenderViewController.storyboard */; };
		5A87F3FB298A99AF0016F69A /* PrivateGenderViewController.swift in Sources */ = {isa = PBXBuildFile; fileRef = 5A87F3FA298A99AF0016F69A /* PrivateGenderViewController.swift */; };
		5A87F3FD298A99CA0016F69A /* PrivateBirthdayViewController.storyboard in Resources */ = {isa = PBXBuildFile; fileRef = 5A87F3FC298A99CA0016F69A /* PrivateBirthdayViewController.storyboard */; };
		5A87F3FF298A99D40016F69A /* PrivateBirthdayViewController.swift in Sources */ = {isa = PBXBuildFile; fileRef = 5A87F3FE298A99D40016F69A /* PrivateBirthdayViewController.swift */; };
		5AAF113E299270C400260D46 /* FolloweeResponse.swift in Sources */ = {isa = PBXBuildFile; fileRef = 5AAF113D299270C400260D46 /* FolloweeResponse.swift */; };
		5ACD712129935BBA004C74EE /* OtherFeedViewController.swift in Sources */ = {isa = PBXBuildFile; fileRef = 5ACD712029935BBA004C74EE /* OtherFeedViewController.swift */; };
		5ACD712329936D35004C74EE /* FollowerResponse.swift in Sources */ = {isa = PBXBuildFile; fileRef = 5ACD712229936D35004C74EE /* FollowerResponse.swift */; };
		5ACD712529936D57004C74EE /* FollowerCollectionViewCell.swift in Sources */ = {isa = PBXBuildFile; fileRef = 5ACD712429936D57004C74EE /* FollowerCollectionViewCell.swift */; };
		5ACD712829938070004C74EE /* MyFeedViewController.swift in Sources */ = {isa = PBXBuildFile; fileRef = 5ACD712729938070004C74EE /* MyFeedViewController.swift */; };
		5ACD712A299380B3004C74EE /* MyFeedCollectionViewCell.swift in Sources */ = {isa = PBXBuildFile; fileRef = 5ACD7129299380B3004C74EE /* MyFeedCollectionViewCell.swift */; };
		5ADD3D60298ABCE600DB02CB /* UITextField.swift in Sources */ = {isa = PBXBuildFile; fileRef = 5ADD3D5F298ABCE600DB02CB /* UITextField.swift */; };
		5AE866CD29889D5800903022 /* SettingViewController.swift in Sources */ = {isa = PBXBuildFile; fileRef = 5AE866CC29889D5800903022 /* SettingViewController.swift */; };
		5AF193B0298A2CEF0011F1AD /* EditViewController.swift in Sources */ = {isa = PBXBuildFile; fileRef = 5AF193AF298A2CEE0011F1AD /* EditViewController.swift */; };
		5AF193B4298A49720011F1AD /* EditNameViewController.swift in Sources */ = {isa = PBXBuildFile; fileRef = 5AF193B3298A49720011F1AD /* EditNameViewController.swift */; };
		5AF193BB298A4DD50011F1AD /* EditUserNameViewController.swift in Sources */ = {isa = PBXBuildFile; fileRef = 5AF193BA298A4DD50011F1AD /* EditUserNameViewController.swift */; };
		5AF193BD298A4DE00011F1AD /* EditIntroduceViewController.swift in Sources */ = {isa = PBXBuildFile; fileRef = 5AF193BC298A4DE00011F1AD /* EditIntroduceViewController.swift */; };
		5AF193BF298A4DE70011F1AD /* EditLinkViewController.swift in Sources */ = {isa = PBXBuildFile; fileRef = 5AF193BE298A4DE70011F1AD /* EditLinkViewController.swift */; };
		5AF193C1298A4DEF0011F1AD /* EditPrivateViewController.swift in Sources */ = {isa = PBXBuildFile; fileRef = 5AF193C0298A4DEF0011F1AD /* EditPrivateViewController.swift */; };
		C54250334CD8ECA185B1F976 /* Pods_instagram_ios.framework in Frameworks */ = {isa = PBXBuildFile; fileRef = DAE0D9BF487D34AC969B879E /* Pods_instagram_ios.framework */; };
/* End PBXBuildFile section */

/* Begin PBXFileReference section */
		3CC65BFA27945CCE918CE860 /* Pods-instagram_ios.release.xcconfig */ = {isa = PBXFileReference; includeInIndex = 1; lastKnownFileType = text.xcconfig; name = "Pods-instagram_ios.release.xcconfig"; path = "Target Support Files/Pods-instagram_ios/Pods-instagram_ios.release.xcconfig"; sourceTree = "<group>"; };
		5A086502298F4BA2000A4F49 /* OtherProfileViewController.swift */ = {isa = PBXFileReference; lastKnownFileType = sourcecode.swift; path = OtherProfileViewController.swift; sourceTree = "<group>"; };
		5A086504298F7684000A4F49 /* EditDataManager.swift */ = {isa = PBXFileReference; lastKnownFileType = sourcecode.swift; path = EditDataManager.swift; sourceTree = "<group>"; };
		5A09627929892B51001A472E /* UISegmentedControl.swift */ = {isa = PBXFileReference; lastKnownFileType = sourcecode.swift; path = UISegmentedControl.swift; sourceTree = "<group>"; };
		5A09627C29892F81001A472E /* FollowViewController.swift */ = {isa = PBXFileReference; lastKnownFileType = sourcecode.swift; path = FollowViewController.swift; sourceTree = "<group>"; };
		5A09627E29892F95001A472E /* FollowViewController.storyboard */ = {isa = PBXFileReference; lastKnownFileType = file.storyboard; path = FollowViewController.storyboard; sourceTree = "<group>"; };
		5A0962802989334E001A472E /* UIView.swift */ = {isa = PBXFileReference; lastKnownFileType = sourcecode.swift; path = UIView.swift; sourceTree = "<group>"; };
		5A09628A29893B9B001A472E /* ActivityViewController.swift */ = {isa = PBXFileReference; lastKnownFileType = sourcecode.swift; path = ActivityViewController.swift; sourceTree = "<group>"; };
		5A09628C29893BDC001A472E /* KeepViewController.swift */ = {isa = PBXFileReference; lastKnownFileType = sourcecode.swift; path = KeepViewController.swift; sourceTree = "<group>"; };
		5A09628E29893C16001A472E /* QRViewController.swift */ = {isa = PBXFileReference; lastKnownFileType = sourcecode.swift; path = QRViewController.swift; sourceTree = "<group>"; };
		5A09629029893C43001A472E /* SavedViewController.swift */ = {isa = PBXFileReference; lastKnownFileType = sourcecode.swift; path = SavedViewController.swift; sourceTree = "<group>"; };
		5A09629229893C85001A472E /* DigitalViewController.swift */ = {isa = PBXFileReference; lastKnownFileType = sourcecode.swift; path = DigitalViewController.swift; sourceTree = "<group>"; };
		5A09629429893CBE001A472E /* BestFriendsViewController.swift */ = {isa = PBXFileReference; lastKnownFileType = sourcecode.swift; path = BestFriendsViewController.swift; sourceTree = "<group>"; };
		5A09629629893CF6001A472E /* FavoriteViewController.swift */ = {isa = PBXFileReference; lastKnownFileType = sourcecode.swift; path = FavoriteViewController.swift; sourceTree = "<group>"; };
		5A0962982989F9D3001A472E /* BFDescriptionViewController.swift */ = {isa = PBXFileReference; lastKnownFileType = sourcecode.swift; path = BFDescriptionViewController.swift; sourceTree = "<group>"; };
		5A09629A298A10B0001A472E /* FavDescriptionViewController.swift */ = {isa = PBXFileReference; lastKnownFileType = sourcecode.swift; path = FavDescriptionViewController.swift; sourceTree = "<group>"; };
		5A0CD9B7298F9AC700A1E894 /* FollowListViewController.swift */ = {isa = PBXFileReference; lastKnownFileType = sourcecode.swift; path = FollowListViewController.swift; sourceTree = "<group>"; };
		5A0CD9BB298F9D4A00A1E894 /* FollowerViewController.swift */ = {isa = PBXFileReference; lastKnownFileType = sourcecode.swift; path = FollowerViewController.swift; sourceTree = "<group>"; };
		5A0CD9BD298F9D5E00A1E894 /* FolloweeViewController.swift */ = {isa = PBXFileReference; lastKnownFileType = sourcecode.swift; path = FolloweeViewController.swift; sourceTree = "<group>"; };
		5A10E1842990E45300E4265C /* MakePostViewController.swift */ = {isa = PBXFileReference; lastKnownFileType = sourcecode.swift; path = MakePostViewController.swift; sourceTree = "<group>"; };
		5A10E1972991F49F00E4265C /* GoogleService-Info.plist */ = {isa = PBXFileReference; fileEncoding = 4; lastKnownFileType = text.plist.xml; path = "GoogleService-Info.plist"; sourceTree = "<group>"; };
		5A10E19D2992420600E4265C /* FirebaseStorageManager.swift */ = {isa = PBXFileReference; lastKnownFileType = sourcecode.swift; path = FirebaseStorageManager.swift; sourceTree = "<group>"; };
		5A10E19F2992477000E4265C /* ImageViewController.swift */ = {isa = PBXFileReference; lastKnownFileType = sourcecode.swift; path = ImageViewController.swift; sourceTree = "<group>"; };
		5A10E1A129924A1900E4265C /* UIImageView.swift */ = {isa = PBXFileReference; lastKnownFileType = sourcecode.swift; path = UIImageView.swift; sourceTree = "<group>"; };
		5A21F3F3298EA5EB00B114E3 /* ProfileResponse.swift */ = {isa = PBXFileReference; lastKnownFileType = sourcecode.swift; path = ProfileResponse.swift; sourceTree = "<group>"; };
		5A3D7A3629874EFB0020C74F /* RegisterViewController.swift */ = {isa = PBXFileReference; lastKnownFileType = sourcecode.swift; path = RegisterViewController.swift; sourceTree = "<group>"; };
		5A3D7A38298757F30020C74F /* InfoViewController.swift */ = {isa = PBXFileReference; lastKnownFileType = sourcecode.swift; path = InfoViewController.swift; sourceTree = "<group>"; };
		5A3D7A3B2987580E0020C74F /* InfoViewController.storyboard */ = {isa = PBXFileReference; lastKnownFileType = file.storyboard; path = InfoViewController.storyboard; sourceTree = "<group>"; };
		5A3D7A4229877BE10020C74F /* EmailViewController.swift */ = {isa = PBXFileReference; lastKnownFileType = sourcecode.swift; path = EmailViewController.swift; sourceTree = "<group>"; };
		5A3D7A4529878A280020C74F /* NameViewController.swift */ = {isa = PBXFileReference; lastKnownFileType = sourcecode.swift; path = NameViewController.swift; sourceTree = "<group>"; };
		5A3D7A482987907E0020C74F /* PasswordViewController.swift */ = {isa = PBXFileReference; lastKnownFileType = sourcecode.swift; path = PasswordViewController.swift; sourceTree = "<group>"; };
		5A3D7A4B298792440020C74F /* UserNameViewController.swift */ = {isa = PBXFileReference; lastKnownFileType = sourcecode.swift; path = UserNameViewController.swift; sourceTree = "<group>"; };
		5A3D7A4E298793260020C74F /* ConfirmViewController.swift */ = {isa = PBXFileReference; lastKnownFileType = sourcecode.swift; path = ConfirmViewController.swift; sourceTree = "<group>"; };
		5A3D7A512987AD920020C74F /* FacebookViewController.swift */ = {isa = PBXFileReference; lastKnownFileType = sourcecode.swift; path = FacebookViewController.swift; sourceTree = "<group>"; };
		5A3D7A542987F2110020C74F /* FacebookRequest.swift */ = {isa = PBXFileReference; lastKnownFileType = sourcecode.swift; path = FacebookRequest.swift; sourceTree = "<group>"; };
		5A3D7A562987F2CE0020C74F /* FacebookResponse.swift */ = {isa = PBXFileReference; lastKnownFileType = sourcecode.swift; path = FacebookResponse.swift; sourceTree = "<group>"; };
		5A3D7A582987F3AC0020C74F /* FacebookDataManager.swift */ = {isa = PBXFileReference; lastKnownFileType = sourcecode.swift; path = FacebookDataManager.swift; sourceTree = "<group>"; };
		5A3D7A5A2987F77A0020C74F /* PhoneViewController.swift */ = {isa = PBXFileReference; lastKnownFileType = sourcecode.swift; name = PhoneViewController.swift; path = instagram_ios/Source/Main/Register/Phone/PhoneViewController.swift; sourceTree = SOURCE_ROOT; };
		5A3D7A5D298807C90020C74F /* UserInfoRequest.swift */ = {isa = PBXFileReference; lastKnownFileType = sourcecode.swift; path = UserInfoRequest.swift; sourceTree = "<group>"; };
		5A3D7A5F298807D30020C74F /* UserInfoResponse.swift */ = {isa = PBXFileReference; lastKnownFileType = sourcecode.swift; path = UserInfoResponse.swift; sourceTree = "<group>"; };
		5A3D7A61298823200020C74F /* ConfirmDataManager.swift */ = {isa = PBXFileReference; lastKnownFileType = sourcecode.swift; path = ConfirmDataManager.swift; sourceTree = "<group>"; };
		5A3D7A6529883F310020C74F /* LoginRequest.swift */ = {isa = PBXFileReference; lastKnownFileType = sourcecode.swift; path = LoginRequest.swift; sourceTree = "<group>"; };
		5A3D7A69298840950020C74F /* LoginDataManager.swift */ = {isa = PBXFileReference; lastKnownFileType = sourcecode.swift; path = LoginDataManager.swift; sourceTree = "<group>"; };
		5A3D7A6B298841450020C74F /* LoginResponse.swift */ = {isa = PBXFileReference; lastKnownFileType = sourcecode.swift; path = LoginResponse.swift; sourceTree = "<group>"; };
		5A4AC7B02993A5790021B4B1 /* PrivateEmailDataManager.swift */ = {isa = PBXFileReference; lastKnownFileType = sourcecode.swift; path = PrivateEmailDataManager.swift; sourceTree = "<group>"; };
		5A4AC7B32993A5930021B4B1 /* PrivateEmailResponse.swift */ = {isa = PBXFileReference; lastKnownFileType = sourcecode.swift; path = PrivateEmailResponse.swift; sourceTree = "<group>"; };
		5A4AC7B52993A5FD0021B4B1 /* PrivateEmailRequest.swift */ = {isa = PBXFileReference; lastKnownFileType = sourcecode.swift; path = PrivateEmailRequest.swift; sourceTree = "<group>"; };
		5A4AC7B72993AB9D0021B4B1 /* PrivateSingleton.swift */ = {isa = PBXFileReference; lastKnownFileType = sourcecode.swift; path = PrivateSingleton.swift; sourceTree = "<group>"; };
		5A4AC7B92993B3610021B4B1 /* OtherFeedCollectionViewCell.swift */ = {isa = PBXFileReference; lastKnownFileType = sourcecode.swift; path = OtherFeedCollectionViewCell.swift; sourceTree = "<group>"; };
		5A4AC7BC2993B9850021B4B1 /* PrivatePhoneDataManager.swift */ = {isa = PBXFileReference; lastKnownFileType = sourcecode.swift; path = PrivatePhoneDataManager.swift; sourceTree = "<group>"; };
		5A4AC7BE2993B9900021B4B1 /* PrivatePhoneResponse.swift */ = {isa = PBXFileReference; lastKnownFileType = sourcecode.swift; path = PrivatePhoneResponse.swift; sourceTree = "<group>"; };
		5A4AC7C02993B99B0021B4B1 /* PrivatePhoneRequest.swift */ = {isa = PBXFileReference; lastKnownFileType = sourcecode.swift; path = PrivatePhoneRequest.swift; sourceTree = "<group>"; };
		5A4B3AF02988BE38009C221F /* UINavigationController.swift */ = {isa = PBXFileReference; lastKnownFileType = sourcecode.swift; path = UINavigationController.swift; sourceTree = "<group>"; };
		5A6002802992A2EC005F4F05 /* FolloweeCollectionViewCell.swift */ = {isa = PBXFileReference; lastKnownFileType = sourcecode.swift; path = FolloweeCollectionViewCell.swift; sourceTree = "<group>"; };
		5A6002832992B61B005F4F05 /* StoryResponse.swift */ = {isa = PBXFileReference; lastKnownFileType = sourcecode.swift; path = StoryResponse.swift; sourceTree = "<group>"; };
		5A60028529931AF2005F4F05 /* StoryRequest.swift */ = {isa = PBXFileReference; lastKnownFileType = sourcecode.swift; path = StoryRequest.swift; sourceTree = "<group>"; };
		5A60028729931BA6005F4F05 /* StoryDataManager.swift */ = {isa = PBXFileReference; lastKnownFileType = sourcecode.swift; path = StoryDataManager.swift; sourceTree = "<group>"; };
		5A7D6F8C2985161F002A1996 /* ReelsViewController.storyboard */ = {isa = PBXFileReference; lastKnownFileType = file.storyboard; path = ReelsViewController.storyboard; sourceTree = "<group>"; };
		5A7D6F8E2985162A002A1996 /* ReelsViewController.swift */ = {isa = PBXFileReference; lastKnownFileType = sourcecode.swift; path = ReelsViewController.swift; sourceTree = "<group>"; };
		5A7D6F9029853B6E002A1996 /* SearchNavigationBarViewController.swift */ = {isa = PBXFileReference; lastKnownFileType = sourcecode.swift; path = SearchNavigationBarViewController.swift; sourceTree = "<group>"; };
		5A7D6F932985441D002A1996 /* Constant.swift */ = {isa = PBXFileReference; lastKnownFileType = sourcecode.swift; path = Constant.swift; sourceTree = "<group>"; };
		5A7D6F992985456B002A1996 /* NotoSansCJKkr-Medium.otf */ = {isa = PBXFileReference; lastKnownFileType = file; name = "NotoSansCJKkr-Medium.otf"; path = "../../../../../../../../Downloads/ios-template-storyboard-master/EduTemplate/Configuration/Font/NotoSansCJKkr-Medium.otf"; sourceTree = "<group>"; };
		5A7D6F9A2985456B002A1996 /* NotoSansCJKkr-Regular.otf */ = {isa = PBXFileReference; lastKnownFileType = file; name = "NotoSansCJKkr-Regular.otf"; path = "../../../../../../../../Downloads/ios-template-storyboard-master/EduTemplate/Configuration/Font/NotoSansCJKkr-Regular.otf"; sourceTree = "<group>"; };
		5A7D6F9B2985456B002A1996 /* NotoSansCJKkr-Bold.otf */ = {isa = PBXFileReference; lastKnownFileType = file; name = "NotoSansCJKkr-Bold.otf"; path = "../../../../../../../../Downloads/ios-template-storyboard-master/EduTemplate/Configuration/Font/NotoSansCJKkr-Bold.otf"; sourceTree = "<group>"; };
		5A7D6F9F298545E2002A1996 /* IndicatorView.swift */ = {isa = PBXFileReference; lastKnownFileType = sourcecode.swift; path = IndicatorView.swift; sourceTree = "<group>"; };
		5A7D6FA1298546F5002A1996 /* Device.swift */ = {isa = PBXFileReference; lastKnownFileType = sourcecode.swift; path = Device.swift; sourceTree = "<group>"; };
		5A7D6FA429854724002A1996 /* Date.swift */ = {isa = PBXFileReference; lastKnownFileType = sourcecode.swift; path = Date.swift; sourceTree = "<group>"; };
		5A7D6FA629854736002A1996 /* String.swift */ = {isa = PBXFileReference; lastKnownFileType = sourcecode.swift; path = String.swift; sourceTree = "<group>"; };
		5A7D6FA82985473C002A1996 /* UIColor.swift */ = {isa = PBXFileReference; lastKnownFileType = sourcecode.swift; path = UIColor.swift; sourceTree = "<group>"; };
		5A7D6FAA29854742002A1996 /* UIFont.swift */ = {isa = PBXFileReference; lastKnownFileType = sourcecode.swift; path = UIFont.swift; sourceTree = "<group>"; };
		5A7D6FAC2985474B002A1996 /* UIButton.swift */ = {isa = PBXFileReference; lastKnownFileType = sourcecode.swift; path = UIButton.swift; sourceTree = "<group>"; };
		5A7D6FAE29854754002A1996 /* UIViewController.swift */ = {isa = PBXFileReference; lastKnownFileType = sourcecode.swift; path = UIViewController.swift; sourceTree = "<group>"; };
		5A7D6FB029854760002A1996 /* UINavigationBar.swift */ = {isa = PBXFileReference; lastKnownFileType = sourcecode.swift; path = UINavigationBar.swift; sourceTree = "<group>"; };
		5A7D6FB2298548C9002A1996 /* ShopNavigationBarViewController.swift */ = {isa = PBXFileReference; lastKnownFileType = sourcecode.swift; path = ShopNavigationBarViewController.swift; sourceTree = "<group>"; };
		5A7D6FB429855EAE002A1996 /* ProfileNavigationBarViewController.swift */ = {isa = PBXFileReference; lastKnownFileType = sourcecode.swift; path = ProfileNavigationBarViewController.swift; sourceTree = "<group>"; };
		5A7D6FB62985639B002A1996 /* ProfileModalViewController.swift */ = {isa = PBXFileReference; lastKnownFileType = sourcecode.swift; path = ProfileModalViewController.swift; sourceTree = "<group>"; };
		5A7D6FBA298566B5002A1996 /* ProfileModalViewController.storyboard */ = {isa = PBXFileReference; lastKnownFileType = file.storyboard; path = ProfileModalViewController.storyboard; sourceTree = "<group>"; };
		5A7D6FC02985F960002A1996 /* ModalTableViewCell.swift */ = {isa = PBXFileReference; lastKnownFileType = sourcecode.swift; path = ModalTableViewCell.swift; sourceTree = "<group>"; };
		5A7D6FC429861E49002A1996 /* LoginViewController.swift */ = {isa = PBXFileReference; lastKnownFileType = sourcecode.swift; path = LoginViewController.swift; sourceTree = "<group>"; };
		5A7FD340298DFB1900872DB1 /* StoryViewController.swift */ = {isa = PBXFileReference; lastKnownFileType = sourcecode.swift; path = StoryViewController.swift; sourceTree = "<group>"; };
		5A7FD342298DFB7500872DB1 /* StoryCollectionViewCell.swift */ = {isa = PBXFileReference; lastKnownFileType = sourcecode.swift; path = StoryCollectionViewCell.swift; sourceTree = "<group>"; };
		5A7FD344298E28DF00872DB1 /* FeedCollectionViewCell.swift */ = {isa = PBXFileReference; lastKnownFileType = sourcecode.swift; path = FeedCollectionViewCell.swift; sourceTree = "<group>"; };
		5A7FD346298E28E900872DB1 /* FeedViewController.swift */ = {isa = PBXFileReference; lastKnownFileType = sourcecode.swift; path = FeedViewController.swift; sourceTree = "<group>"; };
		5A820B622984FBCB00F3784F /* instagram_ios.app */ = {isa = PBXFileReference; explicitFileType = wrapper.application; includeInIndex = 0; path = instagram_ios.app; sourceTree = BUILT_PRODUCTS_DIR; };
		5A820B652984FBCB00F3784F /* AppDelegate.swift */ = {isa = PBXFileReference; lastKnownFileType = sourcecode.swift; path = AppDelegate.swift; sourceTree = "<group>"; };
		5A820B672984FBCB00F3784F /* SceneDelegate.swift */ = {isa = PBXFileReference; lastKnownFileType = sourcecode.swift; path = SceneDelegate.swift; sourceTree = "<group>"; };
		5A820B692984FBCB00F3784F /* ViewController.swift */ = {isa = PBXFileReference; lastKnownFileType = sourcecode.swift; path = ViewController.swift; sourceTree = "<group>"; };
		5A820B6C2984FBCB00F3784F /* Base */ = {isa = PBXFileReference; lastKnownFileType = file.storyboard; name = Base; path = Base.lproj/Main.storyboard; sourceTree = "<group>"; };
		5A820B6E2984FBCD00F3784F /* Assets.xcassets */ = {isa = PBXFileReference; lastKnownFileType = folder.assetcatalog; path = Assets.xcassets; sourceTree = "<group>"; };
		5A820B712984FBCD00F3784F /* Base */ = {isa = PBXFileReference; lastKnownFileType = file.storyboard; name = Base; path = Base.lproj/LaunchScreen.storyboard; sourceTree = "<group>"; };
		5A820B732984FBCD00F3784F /* Info.plist */ = {isa = PBXFileReference; lastKnownFileType = text.plist.xml; path = Info.plist; sourceTree = "<group>"; };
		5A820B8029850F0600F3784F /* ProfileViewController.storyboard */ = {isa = PBXFileReference; lastKnownFileType = file.storyboard; path = ProfileViewController.storyboard; sourceTree = "<group>"; };
		5A820B8229850F0E00F3784F /* ProfileViewController.swift */ = {isa = PBXFileReference; lastKnownFileType = sourcecode.swift; path = ProfileViewController.swift; sourceTree = "<group>"; };
		5A820B842985127B00F3784F /* SearchViewController.storyboard */ = {isa = PBXFileReference; lastKnownFileType = file.storyboard; path = SearchViewController.storyboard; sourceTree = "<group>"; };
		5A820B862985128500F3784F /* SearchViewController.swift */ = {isa = PBXFileReference; lastKnownFileType = sourcecode.swift; path = SearchViewController.swift; sourceTree = "<group>"; };
		5A820B8C298513CD00F3784F /* ShopViewController.storyboard */ = {isa = PBXFileReference; lastKnownFileType = file.storyboard; path = ShopViewController.storyboard; sourceTree = "<group>"; };
		5A820B8E298513D200F3784F /* ShopViewController.swift */ = {isa = PBXFileReference; lastKnownFileType = sourcecode.swift; path = ShopViewController.swift; sourceTree = "<group>"; };
		5A84D9D6298B721F006E8D66 /* SearchTapViewController.swift */ = {isa = PBXFileReference; lastKnownFileType = sourcecode.swift; path = SearchTapViewController.swift; sourceTree = "<group>"; };
		5A84D9DA298B7411006E8D66 /* SearchCollectionViewCell.swift */ = {isa = PBXFileReference; lastKnownFileType = sourcecode.swift; path = SearchCollectionViewCell.swift; sourceTree = "<group>"; };
		5A84D9DC298B87B7006E8D66 /* UIImage.swift */ = {isa = PBXFileReference; lastKnownFileType = sourcecode.swift; path = UIImage.swift; sourceTree = "<group>"; };
		5A84D9E0298BD281006E8D66 /* CommentViewController.swift */ = {isa = PBXFileReference; lastKnownFileType = sourcecode.swift; path = CommentViewController.swift; sourceTree = "<group>"; };
		5A84D9E2298BF713006E8D66 /* UITabBarController.swift */ = {isa = PBXFileReference; lastKnownFileType = sourcecode.swift; path = UITabBarController.swift; sourceTree = "<group>"; };
		5A84D9E5298CAB8F006E8D66 /* NoticeViewController.swift */ = {isa = PBXFileReference; lastKnownFileType = sourcecode.swift; path = NoticeViewController.swift; sourceTree = "<group>"; };
		5A84D9E7298CABA5006E8D66 /* NoticeViewController.storyboard */ = {isa = PBXFileReference; lastKnownFileType = file.storyboard; path = NoticeViewController.storyboard; sourceTree = "<group>"; };
		5A84DA03298CF0EC006E8D66 /* DefaultNavigationController.swift */ = {isa = PBXFileReference; lastKnownFileType = sourcecode.swift; path = DefaultNavigationController.swift; sourceTree = "<group>"; };
		5A84DA0E298D0A5C006E8D66 /* ProfileMakeViewController.storyboard */ = {isa = PBXFileReference; lastKnownFileType = file.storyboard; path = ProfileMakeViewController.storyboard; sourceTree = "<group>"; };
		5A84DA10298D0A67006E8D66 /* ProfileMakeViewController.swift */ = {isa = PBXFileReference; lastKnownFileType = sourcecode.swift; path = ProfileMakeViewController.swift; sourceTree = "<group>"; };
		5A84DA17298D26C8006E8D66 /* MakeTableViewCell.swift */ = {isa = PBXFileReference; lastKnownFileType = sourcecode.swift; path = MakeTableViewCell.swift; sourceTree = "<group>"; };
		5A84DA19298D332E006E8D66 /* MakeReelsViewController.swift */ = {isa = PBXFileReference; lastKnownFileType = sourcecode.swift; path = MakeReelsViewController.swift; sourceTree = "<group>"; };
		5A84DA1D298D3363006E8D66 /* MakeContentsViewController.swift */ = {isa = PBXFileReference; lastKnownFileType = sourcecode.swift; path = MakeContentsViewController.swift; sourceTree = "<group>"; };
		5A84DA21298D3391006E8D66 /* MakeStoryViewController.swift */ = {isa = PBXFileReference; lastKnownFileType = sourcecode.swift; path = MakeStoryViewController.swift; sourceTree = "<group>"; };
		5A84DA27298D377F006E8D66 /* MakeHighlightsViewController.swift */ = {isa = PBXFileReference; lastKnownFileType = sourcecode.swift; path = MakeHighlightsViewController.swift; sourceTree = "<group>"; };
		5A84DA29298D37A6006E8D66 /* MakeLiveViewController.swift */ = {isa = PBXFileReference; lastKnownFileType = sourcecode.swift; path = MakeLiveViewController.swift; sourceTree = "<group>"; };
		5A84DA2E298D3A06006E8D66 /* MakeGuideViewController.swift */ = {isa = PBXFileReference; lastKnownFileType = sourcecode.swift; path = MakeGuideViewController.swift; sourceTree = "<group>"; };
		5A84DA32298D799D006E8D66 /* ContentsImageCollectionViewCell.swift */ = {isa = PBXFileReference; lastKnownFileType = sourcecode.swift; path = ContentsImageCollectionViewCell.swift; sourceTree = "<group>"; };
		5A87F3DF298A6F470016F69A /* CustomTextFields.swift */ = {isa = PBXFileReference; lastKnownFileType = sourcecode.swift; path = CustomTextFields.swift; sourceTree = "<group>"; };
		5A87F3E1298A7FBA0016F69A /* EditRequest.swift */ = {isa = PBXFileReference; lastKnownFileType = sourcecode.swift; path = EditRequest.swift; sourceTree = "<group>"; };
		5A87F3E4298A809F0016F69A /* EditResponse.swift */ = {isa = PBXFileReference; lastKnownFileType = sourcecode.swift; path = EditResponse.swift; sourceTree = "<group>"; };
		5A87F3E6298A82F80016F69A /* EditSingleton.swift */ = {isa = PBXFileReference; lastKnownFileType = sourcecode.swift; path = EditSingleton.swift; sourceTree = "<group>"; };
		5A87F3E8298A87B90016F69A /* AddLinkViewController.swift */ = {isa = PBXFileReference; lastKnownFileType = sourcecode.swift; path = AddLinkViewController.swift; sourceTree = "<group>"; };
		5A87F3EA298A8C7C0016F69A /* UIAlertAction.swift */ = {isa = PBXFileReference; lastKnownFileType = sourcecode.swift; path = UIAlertAction.swift; sourceTree = "<group>"; };
		5A87F3F0298A98340016F69A /* PrivateEmailViewController.swift */ = {isa = PBXFileReference; lastKnownFileType = sourcecode.swift; path = PrivateEmailViewController.swift; sourceTree = "<group>"; };
		5A87F3F2298A984D0016F69A /* PrivateEmailViewController.storyboard */ = {isa = PBXFileReference; lastKnownFileType = file.storyboard; path = PrivateEmailViewController.storyboard; sourceTree = "<group>"; };
		5A87F3F4298A99740016F69A /* PrivatePhoneViewController.swift */ = {isa = PBXFileReference; lastKnownFileType = sourcecode.swift; path = PrivatePhoneViewController.swift; sourceTree = "<group>"; };
		5A87F3F6298A998B0016F69A /* PrivatePhoneViewController.storyboard */ = {isa = PBXFileReference; lastKnownFileType = file.storyboard; path = PrivatePhoneViewController.storyboard; sourceTree = "<group>"; };
		5A87F3F8298A99A40016F69A /* PrivateGenderViewController.storyboard */ = {isa = PBXFileReference; lastKnownFileType = file.storyboard; path = PrivateGenderViewController.storyboard; sourceTree = "<group>"; };
		5A87F3FA298A99AF0016F69A /* PrivateGenderViewController.swift */ = {isa = PBXFileReference; lastKnownFileType = sourcecode.swift; path = PrivateGenderViewController.swift; sourceTree = "<group>"; };
		5A87F3FC298A99CA0016F69A /* PrivateBirthdayViewController.storyboard */ = {isa = PBXFileReference; lastKnownFileType = file.storyboard; path = PrivateBirthdayViewController.storyboard; sourceTree = "<group>"; };
		5A87F3FE298A99D40016F69A /* PrivateBirthdayViewController.swift */ = {isa = PBXFileReference; lastKnownFileType = sourcecode.swift; path = PrivateBirthdayViewController.swift; sourceTree = "<group>"; };
		5AAF113D299270C400260D46 /* FolloweeResponse.swift */ = {isa = PBXFileReference; lastKnownFileType = sourcecode.swift; path = FolloweeResponse.swift; sourceTree = "<group>"; };
		5ACD712029935BBA004C74EE /* OtherFeedViewController.swift */ = {isa = PBXFileReference; lastKnownFileType = sourcecode.swift; path = OtherFeedViewController.swift; sourceTree = "<group>"; };
		5ACD712229936D35004C74EE /* FollowerResponse.swift */ = {isa = PBXFileReference; lastKnownFileType = sourcecode.swift; path = FollowerResponse.swift; sourceTree = "<group>"; };
		5ACD712429936D57004C74EE /* FollowerCollectionViewCell.swift */ = {isa = PBXFileReference; lastKnownFileType = sourcecode.swift; path = FollowerCollectionViewCell.swift; sourceTree = "<group>"; };
		5ACD712729938070004C74EE /* MyFeedViewController.swift */ = {isa = PBXFileReference; lastKnownFileType = sourcecode.swift; path = MyFeedViewController.swift; sourceTree = "<group>"; };
		5ACD7129299380B3004C74EE /* MyFeedCollectionViewCell.swift */ = {isa = PBXFileReference; lastKnownFileType = sourcecode.swift; path = MyFeedCollectionViewCell.swift; sourceTree = "<group>"; };
		5ADD3D5F298ABCE600DB02CB /* UITextField.swift */ = {isa = PBXFileReference; lastKnownFileType = sourcecode.swift; path = UITextField.swift; sourceTree = "<group>"; };
		5AE866CC29889D5800903022 /* SettingViewController.swift */ = {isa = PBXFileReference; lastKnownFileType = sourcecode.swift; path = SettingViewController.swift; sourceTree = "<group>"; };
		5AF193AF298A2CEE0011F1AD /* EditViewController.swift */ = {isa = PBXFileReference; lastKnownFileType = sourcecode.swift; path = EditViewController.swift; sourceTree = "<group>"; };
		5AF193B3298A49720011F1AD /* EditNameViewController.swift */ = {isa = PBXFileReference; lastKnownFileType = sourcecode.swift; path = EditNameViewController.swift; sourceTree = "<group>"; };
		5AF193BA298A4DD50011F1AD /* EditUserNameViewController.swift */ = {isa = PBXFileReference; lastKnownFileType = sourcecode.swift; path = EditUserNameViewController.swift; sourceTree = "<group>"; };
		5AF193BC298A4DE00011F1AD /* EditIntroduceViewController.swift */ = {isa = PBXFileReference; lastKnownFileType = sourcecode.swift; path = EditIntroduceViewController.swift; sourceTree = "<group>"; };
		5AF193BE298A4DE70011F1AD /* EditLinkViewController.swift */ = {isa = PBXFileReference; lastKnownFileType = sourcecode.swift; path = EditLinkViewController.swift; sourceTree = "<group>"; };
		5AF193C0298A4DEF0011F1AD /* EditPrivateViewController.swift */ = {isa = PBXFileReference; lastKnownFileType = sourcecode.swift; path = EditPrivateViewController.swift; sourceTree = "<group>"; };
		89087EE05009C17450D9DE31 /* Pods-instagram_ios.debug.xcconfig */ = {isa = PBXFileReference; includeInIndex = 1; lastKnownFileType = text.xcconfig; name = "Pods-instagram_ios.debug.xcconfig"; path = "Target Support Files/Pods-instagram_ios/Pods-instagram_ios.debug.xcconfig"; sourceTree = "<group>"; };
		DAE0D9BF487D34AC969B879E /* Pods_instagram_ios.framework */ = {isa = PBXFileReference; explicitFileType = wrapper.framework; includeInIndex = 0; path = Pods_instagram_ios.framework; sourceTree = BUILT_PRODUCTS_DIR; };
/* End PBXFileReference section */

/* Begin PBXFrameworksBuildPhase section */
		5A820B5F2984FBCB00F3784F /* Frameworks */ = {
			isa = PBXFrameworksBuildPhase;
			buildActionMask = 2147483647;
			files = (
				C54250334CD8ECA185B1F976 /* Pods_instagram_ios.framework in Frameworks */,
			);
			runOnlyForDeploymentPostprocessing = 0;
		};
/* End PBXFrameworksBuildPhase section */

/* Begin PBXGroup section */
		2702D0BB804FEFC3C73DD190 /* Frameworks */ = {
			isa = PBXGroup;
			children = (
				DAE0D9BF487D34AC969B879E /* Pods_instagram_ios.framework */,
			);
			name = Frameworks;
			sourceTree = "<group>";
		};
		5A086501298F4B76000A4F49 /* Other_Profile */ = {
			isa = PBXGroup;
			children = (
				5A086502298F4BA2000A4F49 /* OtherProfileViewController.swift */,
			);
			path = Other_Profile;
			sourceTree = "<group>";
		};
		5A09627029890B53001A472E /* Setting */ = {
			isa = PBXGroup;
			children = (
				5AE866CC29889D5800903022 /* SettingViewController.swift */,
				5A09627B29892F74001A472E /* Follow */,
				5A096282298939DD001A472E /* Alarm */,
				5A096283298939F6001A472E /* Private */,
				5A096284298939FB001A472E /* Manage */,
				5A09628529893A1D001A472E /* Security */,
				5A09628629893A39001A472E /* Advertise */,
				5A09628729893A4A001A472E /* Account */,
				5A09628829893A51001A472E /* Help */,
				5A09628929893A55001A472E /* Information */,
			);
			path = Setting;
			sourceTree = "<group>";
		};
		5A09627129890E9A001A472E /* Activity */ = {
			isa = PBXGroup;
			children = (
				5A09628A29893B9B001A472E /* ActivityViewController.swift */,
			);
			path = Activity;
			sourceTree = "<group>";
		};
		5A09627229890EAD001A472E /* Keep */ = {
			isa = PBXGroup;
			children = (
				5A09628C29893BDC001A472E /* KeepViewController.swift */,
			);
			path = Keep;
			sourceTree = "<group>";
		};
		5A09627329890EC1001A472E /* QR */ = {
			isa = PBXGroup;
			children = (
				5A09628E29893C16001A472E /* QRViewController.swift */,
			);
			path = QR;
			sourceTree = "<group>";
		};
		5A09627429890EC9001A472E /* Saved */ = {
			isa = PBXGroup;
			children = (
				5A09629029893C43001A472E /* SavedViewController.swift */,
			);
			path = Saved;
			sourceTree = "<group>";
		};
		5A09627529890ECF001A472E /* Digital */ = {
			isa = PBXGroup;
			children = (
				5A09629229893C85001A472E /* DigitalViewController.swift */,
			);
			path = Digital;
			sourceTree = "<group>";
		};
		5A09627629890ED5001A472E /* BestFriends */ = {
			isa = PBXGroup;
			children = (
				5A09629429893CBE001A472E /* BestFriendsViewController.swift */,
				5A0962982989F9D3001A472E /* BFDescriptionViewController.swift */,
			);
			path = BestFriends;
			sourceTree = "<group>";
		};
		5A09627729890EEB001A472E /* Favorites */ = {
			isa = PBXGroup;
			children = (
				5A09629629893CF6001A472E /* FavoriteViewController.swift */,
				5A09629A298A10B0001A472E /* FavDescriptionViewController.swift */,
			);
			path = Favorites;
			sourceTree = "<group>";
		};
		5A09627B29892F74001A472E /* Follow */ = {
			isa = PBXGroup;
			children = (
				5A09627C29892F81001A472E /* FollowViewController.swift */,
				5A09627E29892F95001A472E /* FollowViewController.storyboard */,
			);
			path = Follow;
			sourceTree = "<group>";
		};
		5A096282298939DD001A472E /* Alarm */ = {
			isa = PBXGroup;
			children = (
			);
			path = Alarm;
			sourceTree = "<group>";
		};
		5A096283298939F6001A472E /* Private */ = {
			isa = PBXGroup;
			children = (
			);
			path = Private;
			sourceTree = "<group>";
		};
		5A096284298939FB001A472E /* Manage */ = {
			isa = PBXGroup;
			children = (
			);
			path = Manage;
			sourceTree = "<group>";
		};
		5A09628529893A1D001A472E /* Security */ = {
			isa = PBXGroup;
			children = (
			);
			path = Security;
			sourceTree = "<group>";
		};
		5A09628629893A39001A472E /* Advertise */ = {
			isa = PBXGroup;
			children = (
			);
			path = Advertise;
			sourceTree = "<group>";
		};
		5A09628729893A4A001A472E /* Account */ = {
			isa = PBXGroup;
			children = (
			);
			path = Account;
			sourceTree = "<group>";
		};
		5A09628829893A51001A472E /* Help */ = {
			isa = PBXGroup;
			children = (
			);
			path = Help;
			sourceTree = "<group>";
		};
		5A09628929893A55001A472E /* Information */ = {
			isa = PBXGroup;
			children = (
			);
			path = Information;
			sourceTree = "<group>";
		};
		5A0CD9B6298F971000A1E894 /* FolloweeAndFollwer */ = {
			isa = PBXGroup;
			children = (
				5A0CD9B7298F9AC700A1E894 /* FollowListViewController.swift */,
				5A0CD9B9298F9D3400A1E894 /* Follower */,
				5A0CD9BA298F9D3B00A1E894 /* Followee */,
			);
			path = FolloweeAndFollwer;
			sourceTree = "<group>";
		};
		5A0CD9B9298F9D3400A1E894 /* Follower */ = {
			isa = PBXGroup;
			children = (
				5A0CD9BB298F9D4A00A1E894 /* FollowerViewController.swift */,
				5ACD712229936D35004C74EE /* FollowerResponse.swift */,
				5ACD712429936D57004C74EE /* FollowerCollectionViewCell.swift */,
			);
			path = Follower;
			sourceTree = "<group>";
		};
		5A0CD9BA298F9D3B00A1E894 /* Followee */ = {
			isa = PBXGroup;
			children = (
				5A0CD9BD298F9D5E00A1E894 /* FolloweeViewController.swift */,
				5AAF113D299270C400260D46 /* FolloweeResponse.swift */,
				5A6002802992A2EC005F4F05 /* FolloweeCollectionViewCell.swift */,
			);
			path = Followee;
			sourceTree = "<group>";
		};
		5A10E1832990E44300E4265C /* Make_Post */ = {
			isa = PBXGroup;
			children = (
				5A10E1842990E45300E4265C /* MakePostViewController.swift */,
				5A10E19D2992420600E4265C /* FirebaseStorageManager.swift */,
				5A10E19F2992477000E4265C /* ImageViewController.swift */,
			);
			path = Make_Post;
			sourceTree = "<group>";
		};
		5A10E186299105C600E4265C /* Post */ = {
			isa = PBXGroup;
			children = (
			);
			path = Post;
			sourceTree = "<group>";
		};
		5A21F3F2298EA5BF00B114E3 /* Entity */ = {
			isa = PBXGroup;
			children = (
				5A21F3F3298EA5EB00B114E3 /* ProfileResponse.swift */,
			);
			path = Entity;
			sourceTree = "<group>";
		};
		5A3D7A3529874EBA0020C74F /* Register */ = {
			isa = PBXGroup;
			children = (
				5A3D7A3629874EFB0020C74F /* RegisterViewController.swift */,
				5A3D7A502987ACAB0020C74F /* FacebookLogin */,
				5A3D7A4029877BC20020C74F /* Phone */,
				5A3D7A4129877BD20020C74F /* Email */,
				5A3D7A4429878A1B0020C74F /* Name */,
				5A3D7A47298790680020C74F /* Password */,
				5A3D7A4A2987922B0020C74F /* UserName */,
				5A3D7A4D2987930B0020C74F /* Confirm */,
				5A3D7A6329883F0A0020C74F /* Login */,
				5A3D7A3B2987580E0020C74F /* InfoViewController.storyboard */,
				5A3D7A38298757F30020C74F /* InfoViewController.swift */,
			);
			path = Register;
			sourceTree = "<group>";
		};
		5A3D7A4029877BC20020C74F /* Phone */ = {
			isa = PBXGroup;
			children = (
				5A3D7A5A2987F77A0020C74F /* PhoneViewController.swift */,
			);
			path = Phone;
			sourceTree = "<group>";
		};
		5A3D7A4129877BD20020C74F /* Email */ = {
			isa = PBXGroup;
			children = (
				5A3D7A4229877BE10020C74F /* EmailViewController.swift */,
			);
			path = Email;
			sourceTree = "<group>";
		};
		5A3D7A4429878A1B0020C74F /* Name */ = {
			isa = PBXGroup;
			children = (
				5A3D7A4529878A280020C74F /* NameViewController.swift */,
			);
			path = Name;
			sourceTree = "<group>";
		};
		5A3D7A47298790680020C74F /* Password */ = {
			isa = PBXGroup;
			children = (
				5A3D7A482987907E0020C74F /* PasswordViewController.swift */,
			);
			path = Password;
			sourceTree = "<group>";
		};
		5A3D7A4A2987922B0020C74F /* UserName */ = {
			isa = PBXGroup;
			children = (
				5A3D7A4B298792440020C74F /* UserNameViewController.swift */,
			);
			path = UserName;
			sourceTree = "<group>";
		};
		5A3D7A4D2987930B0020C74F /* Confirm */ = {
			isa = PBXGroup;
			children = (
				5A3D7A4E298793260020C74F /* ConfirmViewController.swift */,
				5A3D7A61298823200020C74F /* ConfirmDataManager.swift */,
				5A3D7A5C298806EC0020C74F /* Entity */,
			);
			path = Confirm;
			sourceTree = "<group>";
		};
		5A3D7A502987ACAB0020C74F /* FacebookLogin */ = {
			isa = PBXGroup;
			children = (
				5A3D7A512987AD920020C74F /* FacebookViewController.swift */,
				5A3D7A582987F3AC0020C74F /* FacebookDataManager.swift */,
				5A3D7A532987F1F90020C74F /* Entity */,
			);
			path = FacebookLogin;
			sourceTree = "<group>";
		};
		5A3D7A532987F1F90020C74F /* Entity */ = {
			isa = PBXGroup;
			children = (
				5A3D7A542987F2110020C74F /* FacebookRequest.swift */,
				5A3D7A562987F2CE0020C74F /* FacebookResponse.swift */,
			);
			path = Entity;
			sourceTree = "<group>";
		};
		5A3D7A5C298806EC0020C74F /* Entity */ = {
			isa = PBXGroup;
			children = (
				5A3D7A5D298807C90020C74F /* UserInfoRequest.swift */,
				5A3D7A5F298807D30020C74F /* UserInfoResponse.swift */,
			);
			path = Entity;
			sourceTree = "<group>";
		};
		5A3D7A6329883F0A0020C74F /* Login */ = {
			isa = PBXGroup;
			children = (
				5A3D7A6429883F190020C74F /* Entity */,
				5A7D6FC429861E49002A1996 /* LoginViewController.swift */,
				5A3D7A69298840950020C74F /* LoginDataManager.swift */,
			);
			path = Login;
			sourceTree = "<group>";
		};
		5A3D7A6429883F190020C74F /* Entity */ = {
			isa = PBXGroup;
			children = (
				5A3D7A6529883F310020C74F /* LoginRequest.swift */,
				5A3D7A6B298841450020C74F /* LoginResponse.swift */,
			);
			path = Entity;
			sourceTree = "<group>";
		};
		5A4AC7B22993A5810021B4B1 /* Entity */ = {
			isa = PBXGroup;
			children = (
				5A4AC7B02993A5790021B4B1 /* PrivateEmailDataManager.swift */,
				5A4AC7B52993A5FD0021B4B1 /* PrivateEmailRequest.swift */,
				5A4AC7B32993A5930021B4B1 /* PrivateEmailResponse.swift */,
			);
			path = Entity;
			sourceTree = "<group>";
		};
		5A4AC7BB2993B9750021B4B1 /* Entity */ = {
			isa = PBXGroup;
			children = (
				5A4AC7BC2993B9850021B4B1 /* PrivatePhoneDataManager.swift */,
				5A4AC7BE2993B9900021B4B1 /* PrivatePhoneResponse.swift */,
				5A4AC7C02993B99B0021B4B1 /* PrivatePhoneRequest.swift */,
			);
			path = Entity;
			sourceTree = "<group>";
		};
		5A6002822992B60E005F4F05 /* Entity */ = {
			isa = PBXGroup;
			children = (
				5A6002832992B61B005F4F05 /* StoryResponse.swift */,
				5A60028529931AF2005F4F05 /* StoryRequest.swift */,
			);
			path = Entity;
			sourceTree = "<group>";
		};
		5A7D6F8B29851610002A1996 /* Reels */ = {
			isa = PBXGroup;
			children = (
				5A7D6F8C2985161F002A1996 /* ReelsViewController.storyboard */,
				5A7D6F8E2985162A002A1996 /* ReelsViewController.swift */,
			);
			path = Reels;
			sourceTree = "<group>";
		};
		5A7D6F922985440D002A1996 /* Configuration */ = {
			isa = PBXGroup;
			children = (
				5A7D6F932985441D002A1996 /* Constant.swift */,
				5A7D6F962985445D002A1996 /* Secret */,
				5A7D6F9729854467002A1996 /* Font */,
				5A7D6F982985446D002A1996 /* Base */,
			);
			path = Configuration;
			sourceTree = "<group>";
		};
		5A7D6F9529854438002A1996 /* Util */ = {
			isa = PBXGroup;
			children = (
				5A7D6F9F298545E2002A1996 /* IndicatorView.swift */,
				5A7D6FA1298546F5002A1996 /* Device.swift */,
				5A7D6FA329854713002A1996 /* Extension */,
			);
			path = Util;
			sourceTree = "<group>";
		};
		5A7D6F962985445D002A1996 /* Secret */ = {
			isa = PBXGroup;
			children = (
			);
			path = Secret;
			sourceTree = "<group>";
		};
		5A7D6F9729854467002A1996 /* Font */ = {
			isa = PBXGroup;
			children = (
				5A7D6F9B2985456B002A1996 /* NotoSansCJKkr-Bold.otf */,
				5A7D6F992985456B002A1996 /* NotoSansCJKkr-Medium.otf */,
				5A7D6F9A2985456B002A1996 /* NotoSansCJKkr-Regular.otf */,
			);
			path = Font;
			sourceTree = "<group>";
		};
		5A7D6F982985446D002A1996 /* Base */ = {
			isa = PBXGroup;
			children = (
			);
			path = Base;
			sourceTree = "<group>";
		};
		5A7D6FA329854713002A1996 /* Extension */ = {
			isa = PBXGroup;
			children = (
				5A7D6FA429854724002A1996 /* Date.swift */,
				5A7D6FA629854736002A1996 /* String.swift */,
				5A7D6FA82985473C002A1996 /* UIColor.swift */,
				5A7D6FAA29854742002A1996 /* UIFont.swift */,
				5A7D6FAC2985474B002A1996 /* UIButton.swift */,
				5A87F3EA298A8C7C0016F69A /* UIAlertAction.swift */,
				5A10E1A129924A1900E4265C /* UIImageView.swift */,
				5A7D6FAE29854754002A1996 /* UIViewController.swift */,
				5A7D6FB029854760002A1996 /* UINavigationBar.swift */,
				5A0962802989334E001A472E /* UIView.swift */,
				5A84D9DC298B87B7006E8D66 /* UIImage.swift */,
				5A4B3AF02988BE38009C221F /* UINavigationController.swift */,
				5ADD3D5F298ABCE600DB02CB /* UITextField.swift */,
				5A87F3DF298A6F470016F69A /* CustomTextFields.swift */,
				5A09627929892B51001A472E /* UISegmentedControl.swift */,
			);
			path = Extension;
			sourceTree = "<group>";
		};
		5A7D6FB829856684002A1996 /* Profile_Modal */ = {
			isa = PBXGroup;
			children = (
				5A7D6FB62985639B002A1996 /* ProfileModalViewController.swift */,
				5A7D6FC02985F960002A1996 /* ModalTableViewCell.swift */,
				5A7D6FBA298566B5002A1996 /* ProfileModalViewController.storyboard */,
				5A09627029890B53001A472E /* Setting */,
				5A09627129890E9A001A472E /* Activity */,
				5A09627229890EAD001A472E /* Keep */,
				5A09627329890EC1001A472E /* QR */,
				5A09627429890EC9001A472E /* Saved */,
				5A09627529890ECF001A472E /* Digital */,
				5A09627629890ED5001A472E /* BestFriends */,
				5A09627729890EEB001A472E /* Favorites */,
			);
			path = Profile_Modal;
			sourceTree = "<group>";
		};
		5A7FD33E298DFB0100872DB1 /* Story */ = {
			isa = PBXGroup;
			children = (
				5A7FD340298DFB1900872DB1 /* StoryViewController.swift */,
				5A7FD342298DFB7500872DB1 /* StoryCollectionViewCell.swift */,
			);
			path = Story;
			sourceTree = "<group>";
		};
		5A7FD33F298DFB0800872DB1 /* Feed */ = {
			isa = PBXGroup;
			children = (
				5A7FD344298E28DF00872DB1 /* FeedCollectionViewCell.swift */,
				5A7FD346298E28E900872DB1 /* FeedViewController.swift */,
			);
			path = Feed;
			sourceTree = "<group>";
		};
		5A820B592984FBCB00F3784F = {
			isa = PBXGroup;
			children = (
				5A820B642984FBCB00F3784F /* instagram_ios */,
				5A820B632984FBCB00F3784F /* Products */,
				FAE3F2791B9A97F758D8A200 /* Pods */,
				2702D0BB804FEFC3C73DD190 /* Frameworks */,
			);
			sourceTree = "<group>";
		};
		5A820B632984FBCB00F3784F /* Products */ = {
			isa = PBXGroup;
			children = (
				5A820B622984FBCB00F3784F /* instagram_ios.app */,
			);
			name = Products;
			sourceTree = "<group>";
		};
		5A820B642984FBCB00F3784F /* instagram_ios */ = {
			isa = PBXGroup;
			children = (
				5A820B652984FBCB00F3784F /* AppDelegate.swift */,
				5A820B672984FBCB00F3784F /* SceneDelegate.swift */,
				5A820B6E2984FBCD00F3784F /* Assets.xcassets */,
				5A7D6F922985440D002A1996 /* Configuration */,
				5A7D6F9529854438002A1996 /* Util */,
				5A820B90298515B200F3784F /* Source */,
				5A820B702984FBCD00F3784F /* LaunchScreen.storyboard */,
				5A820B732984FBCD00F3784F /* Info.plist */,
				5A10E1972991F49F00E4265C /* GoogleService-Info.plist */,
			);
			path = instagram_ios;
			sourceTree = "<group>";
		};
		5A820B7B29850EA700F3784F /* Main */ = {
			isa = PBXGroup;
			children = (
				5A3D7A3529874EBA0020C74F /* Register */,
				5A84D9E2298BF713006E8D66 /* UITabBarController.swift */,
				5A820B6B2984FBCB00F3784F /* Main.storyboard */,
				5A84DA03298CF0EC006E8D66 /* DefaultNavigationController.swift */,
				5A820B692984FBCB00F3784F /* ViewController.swift */,
				5A10E186299105C600E4265C /* Post */,
				5A7FD33E298DFB0100872DB1 /* Story */,
				5A7FD33F298DFB0800872DB1 /* Feed */,
				5A84D9E4298CAB71006E8D66 /* Notice */,
			);
			path = Main;
			sourceTree = "<group>";
		};
		5A820B7C29850ED400F3784F /* Search */ = {
			isa = PBXGroup;
			children = (
				5A820B842985127B00F3784F /* SearchViewController.storyboard */,
				5A84D9DA298B7411006E8D66 /* SearchCollectionViewCell.swift */,
				5A7D6F9029853B6E002A1996 /* SearchNavigationBarViewController.swift */,
				5A820B862985128500F3784F /* SearchViewController.swift */,
				5A84D9DE298BD24D006E8D66 /* SearchTap */,
				5A84D9DF298BD26A006E8D66 /* Comment */,
				5A086501298F4B76000A4F49 /* Other_Profile */,
			);
			path = Search;
			sourceTree = "<group>";
		};
		5A820B7E29850EE200F3784F /* Shop */ = {
			isa = PBXGroup;
			children = (
				5A820B8C298513CD00F3784F /* ShopViewController.storyboard */,
				5A820B8E298513D200F3784F /* ShopViewController.swift */,
				5A7D6FB2298548C9002A1996 /* ShopNavigationBarViewController.swift */,
			);
			path = Shop;
			sourceTree = "<group>";
		};
		5A820B7F29850EE700F3784F /* Profile */ = {
			isa = PBXGroup;
			children = (
				5A0CD9B6298F971000A1E894 /* FolloweeAndFollwer */,
				5ACD711F29935B94004C74EE /* OtherFeed */,
				5A21F3F2298EA5BF00B114E3 /* Entity */,
				5A820B8029850F0600F3784F /* ProfileViewController.storyboard */,
				5A7D6FB429855EAE002A1996 /* ProfileNavigationBarViewController.swift */,
				5A820B8229850F0E00F3784F /* ProfileViewController.swift */,
				5ACD712629938062004C74EE /* MyFeed */,
				5A7D6FB829856684002A1996 /* Profile_Modal */,
				5AF193AE298A2CE20011F1AD /* Edit */,
				5A84DA0D298D099A006E8D66 /* Profile_Make */,
			);
			path = Profile;
			sourceTree = "<group>";
		};
		5A820B90298515B200F3784F /* Source */ = {
			isa = PBXGroup;
			children = (
				5A820B7B29850EA700F3784F /* Main */,
				5A820B7C29850ED400F3784F /* Search */,
				5A7D6F8B29851610002A1996 /* Reels */,
				5A820B7E29850EE200F3784F /* Shop */,
				5A820B7F29850EE700F3784F /* Profile */,
			);
			path = Source;
			sourceTree = "<group>";
		};
		5A84D9DE298BD24D006E8D66 /* SearchTap */ = {
			isa = PBXGroup;
			children = (
				5A84D9D6298B721F006E8D66 /* SearchTapViewController.swift */,
			);
			path = SearchTap;
			sourceTree = "<group>";
		};
		5A84D9DF298BD26A006E8D66 /* Comment */ = {
			isa = PBXGroup;
			children = (
				5A84D9E0298BD281006E8D66 /* CommentViewController.swift */,
			);
			path = Comment;
			sourceTree = "<group>";
		};
		5A84D9E4298CAB71006E8D66 /* Notice */ = {
			isa = PBXGroup;
			children = (
				5A84D9E5298CAB8F006E8D66 /* NoticeViewController.swift */,
				5A84D9E7298CABA5006E8D66 /* NoticeViewController.storyboard */,
			);
			path = Notice;
			sourceTree = "<group>";
		};
		5A84DA0D298D099A006E8D66 /* Profile_Make */ = {
			isa = PBXGroup;
			children = (
				5A10E1832990E44300E4265C /* Make_Post */,
				5A84DA12298D0AA6006E8D66 /* Make_Reels */,
				5A84DA13298D0AAE006E8D66 /* Make_Contents */,
				5A84DA14298D0ABA006E8D66 /* Make_Story */,
				5A84DA15298D0AC1006E8D66 /* Make_Highlights */,
				5A84DA16298D0ACF006E8D66 /* Make_Live */,
				5A84DA2D298D39DF006E8D66 /* Make_Guide */,
				5A84DA0E298D0A5C006E8D66 /* ProfileMakeViewController.storyboard */,
				5A84DA17298D26C8006E8D66 /* MakeTableViewCell.swift */,
				5A84DA10298D0A67006E8D66 /* ProfileMakeViewController.swift */,
			);
			path = Profile_Make;
			sourceTree = "<group>";
		};
		5A84DA12298D0AA6006E8D66 /* Make_Reels */ = {
			isa = PBXGroup;
			children = (
				5A84DA19298D332E006E8D66 /* MakeReelsViewController.swift */,
			);
			path = Make_Reels;
			sourceTree = "<group>";
		};
		5A84DA13298D0AAE006E8D66 /* Make_Contents */ = {
			isa = PBXGroup;
			children = (
				5A84DA1D298D3363006E8D66 /* MakeContentsViewController.swift */,
				5A84DA32298D799D006E8D66 /* ContentsImageCollectionViewCell.swift */,
			);
			path = Make_Contents;
			sourceTree = "<group>";
		};
		5A84DA14298D0ABA006E8D66 /* Make_Story */ = {
			isa = PBXGroup;
			children = (
				5A84DA21298D3391006E8D66 /* MakeStoryViewController.swift */,
				5A60028729931BA6005F4F05 /* StoryDataManager.swift */,
				5A6002822992B60E005F4F05 /* Entity */,
			);
			path = Make_Story;
			sourceTree = "<group>";
		};
		5A84DA15298D0AC1006E8D66 /* Make_Highlights */ = {
			isa = PBXGroup;
			children = (
				5A84DA27298D377F006E8D66 /* MakeHighlightsViewController.swift */,
			);
			path = Make_Highlights;
			sourceTree = "<group>";
		};
		5A84DA16298D0ACF006E8D66 /* Make_Live */ = {
			isa = PBXGroup;
			children = (
				5A84DA29298D37A6006E8D66 /* MakeLiveViewController.swift */,
			);
			path = Make_Live;
			sourceTree = "<group>";
		};
		5A84DA2D298D39DF006E8D66 /* Make_Guide */ = {
			isa = PBXGroup;
			children = (
				5A84DA2E298D3A06006E8D66 /* MakeGuideViewController.swift */,
			);
			path = Make_Guide;
			sourceTree = "<group>";
		};
		5A87F3E3298A7FE90016F69A /* Entity */ = {
			isa = PBXGroup;
			children = (
				5A87F3E1298A7FBA0016F69A /* EditRequest.swift */,
				5A87F3E4298A809F0016F69A /* EditResponse.swift */,
				5A87F3E6298A82F80016F69A /* EditSingleton.swift */,
			);
			path = Entity;
			sourceTree = "<group>";
		};
		5A87F3EC298A97D00016F69A /* Email */ = {
			isa = PBXGroup;
			children = (
				5A87F3F0298A98340016F69A /* PrivateEmailViewController.swift */,
				5A87F3F2298A984D0016F69A /* PrivateEmailViewController.storyboard */,
				5A4AC7B22993A5810021B4B1 /* Entity */,
			);
			path = Email;
			sourceTree = "<group>";
		};
		5A87F3ED298A97DA0016F69A /* Phone */ = {
			isa = PBXGroup;
			children = (
				5A4AC7BB2993B9750021B4B1 /* Entity */,
				5A87F3F4298A99740016F69A /* PrivatePhoneViewController.swift */,
				5A87F3F6298A998B0016F69A /* PrivatePhoneViewController.storyboard */,
			);
			path = Phone;
			sourceTree = "<group>";
		};
		5A87F3EE298A97DF0016F69A /* Gender */ = {
			isa = PBXGroup;
			children = (
				5A87F3F8298A99A40016F69A /* PrivateGenderViewController.storyboard */,
				5A87F3FA298A99AF0016F69A /* PrivateGenderViewController.swift */,
			);
			path = Gender;
			sourceTree = "<group>";
		};
		5A87F3EF298A97E30016F69A /* Birthday */ = {
			isa = PBXGroup;
			children = (
				5A87F3FC298A99CA0016F69A /* PrivateBirthdayViewController.storyboard */,
				5A87F3FE298A99D40016F69A /* PrivateBirthdayViewController.swift */,
			);
			path = Birthday;
			sourceTree = "<group>";
		};
		5ACD711F29935B94004C74EE /* OtherFeed */ = {
			isa = PBXGroup;
			children = (
				5ACD712029935BBA004C74EE /* OtherFeedViewController.swift */,
				5A4AC7B92993B3610021B4B1 /* OtherFeedCollectionViewCell.swift */,
			);
			path = OtherFeed;
			sourceTree = "<group>";
		};
		5ACD712629938062004C74EE /* MyFeed */ = {
			isa = PBXGroup;
			children = (
				5ACD712729938070004C74EE /* MyFeedViewController.swift */,
				5ACD7129299380B3004C74EE /* MyFeedCollectionViewCell.swift */,
			);
			path = MyFeed;
			sourceTree = "<group>";
		};
		5AF193AE298A2CE20011F1AD /* Edit */ = {
			isa = PBXGroup;
			children = (
				5AF193AF298A2CEE0011F1AD /* EditViewController.swift */,
				5A086504298F7684000A4F49 /* EditDataManager.swift */,
				5A87F3E3298A7FE90016F69A /* Entity */,
				5AF193B5298A49A70011F1AD /* Name */,
				5AF193B6298A49AE0011F1AD /* UserName */,
				5AF193B7298A49B50011F1AD /* Introduce */,
				5AF193B8298A49C20011F1AD /* Link */,
				5AF193B9298A49D70011F1AD /* Private */,
			);
			path = Edit;
			sourceTree = "<group>";
		};
		5AF193B5298A49A70011F1AD /* Name */ = {
			isa = PBXGroup;
			children = (
				5AF193B3298A49720011F1AD /* EditNameViewController.swift */,
			);
			path = Name;
			sourceTree = "<group>";
		};
		5AF193B6298A49AE0011F1AD /* UserName */ = {
			isa = PBXGroup;
			children = (
				5AF193BA298A4DD50011F1AD /* EditUserNameViewController.swift */,
			);
			path = UserName;
			sourceTree = "<group>";
		};
		5AF193B7298A49B50011F1AD /* Introduce */ = {
			isa = PBXGroup;
			children = (
				5AF193BC298A4DE00011F1AD /* EditIntroduceViewController.swift */,
			);
			path = Introduce;
			sourceTree = "<group>";
		};
		5AF193B8298A49C20011F1AD /* Link */ = {
			isa = PBXGroup;
			children = (
				5AF193BE298A4DE70011F1AD /* EditLinkViewController.swift */,
				5A87F3E8298A87B90016F69A /* AddLinkViewController.swift */,
			);
			path = Link;
			sourceTree = "<group>";
		};
		5AF193B9298A49D70011F1AD /* Private */ = {
			isa = PBXGroup;
			children = (
				5A87F3EC298A97D00016F69A /* Email */,
				5A87F3ED298A97DA0016F69A /* Phone */,
				5A87F3EE298A97DF0016F69A /* Gender */,
				5A87F3EF298A97E30016F69A /* Birthday */,
				5AF193C0298A4DEF0011F1AD /* EditPrivateViewController.swift */,
				5A4AC7B72993AB9D0021B4B1 /* PrivateSingleton.swift */,
			);
			path = Private;
			sourceTree = "<group>";
		};
		FAE3F2791B9A97F758D8A200 /* Pods */ = {
			isa = PBXGroup;
			children = (
				89087EE05009C17450D9DE31 /* Pods-instagram_ios.debug.xcconfig */,
				3CC65BFA27945CCE918CE860 /* Pods-instagram_ios.release.xcconfig */,
			);
			path = Pods;
			sourceTree = "<group>";
		};
/* End PBXGroup section */

/* Begin PBXNativeTarget section */
		5A820B612984FBCB00F3784F /* instagram_ios */ = {
			isa = PBXNativeTarget;
			buildConfigurationList = 5A820B762984FBCD00F3784F /* Build configuration list for PBXNativeTarget "instagram_ios" */;
			buildPhases = (
				B757B89E319616DD44A04B04 /* [CP] Check Pods Manifest.lock */,
				5A820B5E2984FBCB00F3784F /* Sources */,
				5A820B5F2984FBCB00F3784F /* Frameworks */,
				5A820B602984FBCB00F3784F /* Resources */,
				CEF6D1EEBDA0B80F7A9763E7 /* [CP] Embed Pods Frameworks */,
			);
			buildRules = (
			);
			dependencies = (
			);
			name = instagram_ios;
			productName = instagram_ios;
			productReference = 5A820B622984FBCB00F3784F /* instagram_ios.app */;
			productType = "com.apple.product-type.application";
		};
/* End PBXNativeTarget section */

/* Begin PBXProject section */
		5A820B5A2984FBCB00F3784F /* Project object */ = {
			isa = PBXProject;
			attributes = {
				BuildIndependentTargetsInParallel = 1;
				LastSwiftUpdateCheck = 1420;
				LastUpgradeCheck = 1420;
				TargetAttributes = {
					5A820B612984FBCB00F3784F = {
						CreatedOnToolsVersion = 14.2;
					};
				};
			};
			buildConfigurationList = 5A820B5D2984FBCB00F3784F /* Build configuration list for PBXProject "instagram_ios" */;
			compatibilityVersion = "Xcode 14.0";
			developmentRegion = en;
			hasScannedForEncodings = 0;
			knownRegions = (
				en,
				Base,
			);
			mainGroup = 5A820B592984FBCB00F3784F;
			productRefGroup = 5A820B632984FBCB00F3784F /* Products */;
			projectDirPath = "";
			projectRoot = "";
			targets = (
				5A820B612984FBCB00F3784F /* instagram_ios */,
			);
		};
/* End PBXProject section */

/* Begin PBXResourcesBuildPhase section */
		5A820B602984FBCB00F3784F /* Resources */ = {
			isa = PBXResourcesBuildPhase;
			buildActionMask = 2147483647;
			files = (
				5A84DA0F298D0A5C006E8D66 /* ProfileMakeViewController.storyboard in Resources */,
				5A87F3FD298A99CA0016F69A /* PrivateBirthdayViewController.storyboard in Resources */,
				5A84D9E8298CABA5006E8D66 /* NoticeViewController.storyboard in Resources */,
				5A87F3F7298A998B0016F69A /* PrivatePhoneViewController.storyboard in Resources */,
				5A820B722984FBCD00F3784F /* LaunchScreen.storyboard in Resources */,
				5A7D6F9E2985456B002A1996 /* NotoSansCJKkr-Bold.otf in Resources */,
				5A87F3F3298A984D0016F69A /* PrivateEmailViewController.storyboard in Resources */,
				5A820B6F2984FBCD00F3784F /* Assets.xcassets in Resources */,
				5A09627F29892F95001A472E /* FollowViewController.storyboard in Resources */,
				5A3D7A3C2987580E0020C74F /* InfoViewController.storyboard in Resources */,
				5A7D6FBB298566B5002A1996 /* ProfileModalViewController.storyboard in Resources */,
				5A820B8129850F0600F3784F /* ProfileViewController.storyboard in Resources */,
				5A7D6F8D2985161F002A1996 /* ReelsViewController.storyboard in Resources */,
				5A7D6F9D2985456B002A1996 /* NotoSansCJKkr-Regular.otf in Resources */,
				5A820B8D298513CD00F3784F /* ShopViewController.storyboard in Resources */,
				5A87F3F9298A99A40016F69A /* PrivateGenderViewController.storyboard in Resources */,
				5A820B852985127B00F3784F /* SearchViewController.storyboard in Resources */,
				5A10E1982991F49F00E4265C /* GoogleService-Info.plist in Resources */,
				5A820B6D2984FBCB00F3784F /* Main.storyboard in Resources */,
				5A7D6F9C2985456B002A1996 /* NotoSansCJKkr-Medium.otf in Resources */,
			);
			runOnlyForDeploymentPostprocessing = 0;
		};
/* End PBXResourcesBuildPhase section */

/* Begin PBXShellScriptBuildPhase section */
		B757B89E319616DD44A04B04 /* [CP] Check Pods Manifest.lock */ = {
			isa = PBXShellScriptBuildPhase;
			buildActionMask = 2147483647;
			files = (
			);
			inputFileListPaths = (
			);
			inputPaths = (
				"${PODS_PODFILE_DIR_PATH}/Podfile.lock",
				"${PODS_ROOT}/Manifest.lock",
			);
			name = "[CP] Check Pods Manifest.lock";
			outputFileListPaths = (
			);
			outputPaths = (
				"$(DERIVED_FILE_DIR)/Pods-instagram_ios-checkManifestLockResult.txt",
			);
			runOnlyForDeploymentPostprocessing = 0;
			shellPath = /bin/sh;
			shellScript = "diff \"${PODS_PODFILE_DIR_PATH}/Podfile.lock\" \"${PODS_ROOT}/Manifest.lock\" > /dev/null\nif [ $? != 0 ] ; then\n    # print error to STDERR\n    echo \"error: The sandbox is not in sync with the Podfile.lock. Run 'pod install' or update your CocoaPods installation.\" >&2\n    exit 1\nfi\n# This output is used by Xcode 'outputs' to avoid re-running this script phase.\necho \"SUCCESS\" > \"${SCRIPT_OUTPUT_FILE_0}\"\n";
			showEnvVarsInLog = 0;
		};
		CEF6D1EEBDA0B80F7A9763E7 /* [CP] Embed Pods Frameworks */ = {
			isa = PBXShellScriptBuildPhase;
			buildActionMask = 2147483647;
			files = (
			);
			inputFileListPaths = (
				"${PODS_ROOT}/Target Support Files/Pods-instagram_ios/Pods-instagram_ios-frameworks-${CONFIGURATION}-input-files.xcfilelist",
			);
			name = "[CP] Embed Pods Frameworks";
			outputFileListPaths = (
				"${PODS_ROOT}/Target Support Files/Pods-instagram_ios/Pods-instagram_ios-frameworks-${CONFIGURATION}-output-files.xcfilelist",
			);
			runOnlyForDeploymentPostprocessing = 0;
			shellPath = /bin/sh;
			shellScript = "\"${PODS_ROOT}/Target Support Files/Pods-instagram_ios/Pods-instagram_ios-frameworks.sh\"\n";
			showEnvVarsInLog = 0;
		};
/* End PBXShellScriptBuildPhase section */

/* Begin PBXSourcesBuildPhase section */
		5A820B5E2984FBCB00F3784F /* Sources */ = {
			isa = PBXSourcesBuildPhase;
			buildActionMask = 2147483647;
			files = (
				5A84D9E3298BF714006E8D66 /* UITabBarController.swift in Sources */,
				5AF193BD298A4DE00011F1AD /* EditIntroduceViewController.swift in Sources */,
				5A7D6FA2298546F5002A1996 /* Device.swift in Sources */,
				5A87F3E5298A809F0016F69A /* EditResponse.swift in Sources */,
				5A87F3E2298A7FBA0016F69A /* EditRequest.swift in Sources */,
				5A3D7A4329877BE10020C74F /* EmailViewController.swift in Sources */,
				5A0CD9BC298F9D4A00A1E894 /* FollowerViewController.swift in Sources */,
				5A3D7A6C298841450020C74F /* LoginResponse.swift in Sources */,
				5A84DA22298D3391006E8D66 /* MakeStoryViewController.swift in Sources */,
				5A0962992989F9D3001A472E /* BFDescriptionViewController.swift in Sources */,
				5A0CD9B8298F9AC700A1E894 /* FollowListViewController.swift in Sources */,
				5A3D7A492987907E0020C74F /* PasswordViewController.swift in Sources */,
				5A7D6FA92985473C002A1996 /* UIColor.swift in Sources */,
				5A84DA18298D26C8006E8D66 /* MakeTableViewCell.swift in Sources */,
				5A87F3FB298A99AF0016F69A /* PrivateGenderViewController.swift in Sources */,
				5A10E19E2992420600E4265C /* FirebaseStorageManager.swift in Sources */,
				5A60028829931BA6005F4F05 /* StoryDataManager.swift in Sources */,
				5AF193BB298A4DD50011F1AD /* EditUserNameViewController.swift in Sources */,
				5ADD3D60298ABCE600DB02CB /* UITextField.swift in Sources */,
				5A3D7A4C298792440020C74F /* UserNameViewController.swift in Sources */,
				5ACD712329936D35004C74EE /* FollowerResponse.swift in Sources */,
				5A60028629931AF2005F4F05 /* StoryRequest.swift in Sources */,
				5A7D6FA729854736002A1996 /* String.swift in Sources */,
				5A3D7A4F298793260020C74F /* ConfirmViewController.swift in Sources */,
				5A84DA2F298D3A06006E8D66 /* MakeGuideViewController.swift in Sources */,
				5A6002812992A2EC005F4F05 /* FolloweeCollectionViewCell.swift in Sources */,
				5A09629129893C43001A472E /* SavedViewController.swift in Sources */,
				5A3D7A3729874EFB0020C74F /* RegisterViewController.swift in Sources */,
				5A87F3E7298A82F90016F69A /* EditSingleton.swift in Sources */,
				5A3D7A39298757F30020C74F /* InfoViewController.swift in Sources */,
				5A84DA2A298D37A6006E8D66 /* MakeLiveViewController.swift in Sources */,
				5A086503298F4BA2000A4F49 /* OtherProfileViewController.swift in Sources */,
				5A09628F29893C16001A472E /* QRViewController.swift in Sources */,
				5A3D7A5B2987F77A0020C74F /* PhoneViewController.swift in Sources */,
				5A7D6FC529861E49002A1996 /* LoginViewController.swift in Sources */,
				5A09627D29892F81001A472E /* FollowViewController.swift in Sources */,
				5A3D7A522987AD920020C74F /* FacebookViewController.swift in Sources */,
				5A3D7A5E298807C90020C74F /* UserInfoRequest.swift in Sources */,
				5A7D6FB3298548C9002A1996 /* ShopNavigationBarViewController.swift in Sources */,
				5A6002842992B61B005F4F05 /* StoryResponse.swift in Sources */,
				5A4B3AF12988BE38009C221F /* UINavigationController.swift in Sources */,
				5A7D6FAD2985474B002A1996 /* UIButton.swift in Sources */,
				5A4AC7C12993B99B0021B4B1 /* PrivatePhoneRequest.swift in Sources */,
				5A820B872985128500F3784F /* SearchViewController.swift in Sources */,
				5A09629B298A10B0001A472E /* FavDescriptionViewController.swift in Sources */,
				5A820B6A2984FBCB00F3784F /* ViewController.swift in Sources */,
				5A7D6F942985441D002A1996 /* Constant.swift in Sources */,
				5A87F3FF298A99D40016F69A /* PrivateBirthdayViewController.swift in Sources */,
				5A84DA33298D799D006E8D66 /* ContentsImageCollectionViewCell.swift in Sources */,
				5A7D6FB529855EAE002A1996 /* ProfileNavigationBarViewController.swift in Sources */,
				5A7FD343298DFB7500872DB1 /* StoryCollectionViewCell.swift in Sources */,
				5A086505298F7684000A4F49 /* EditDataManager.swift in Sources */,
				5A820B8329850F0E00F3784F /* ProfileViewController.swift in Sources */,
				5A7D6FAF29854754002A1996 /* UIViewController.swift in Sources */,
				5A7D6FC12985F960002A1996 /* ModalTableViewCell.swift in Sources */,
				5AE866CD29889D5800903022 /* SettingViewController.swift in Sources */,
				5A84D9DB298B7411006E8D66 /* SearchCollectionViewCell.swift in Sources */,
				5A7FD347298E28E900872DB1 /* FeedViewController.swift in Sources */,
				5AF193BF298A4DE70011F1AD /* EditLinkViewController.swift in Sources */,
				5AAF113E299270C400260D46 /* FolloweeResponse.swift in Sources */,
				5A87F3E9298A87B90016F69A /* AddLinkViewController.swift in Sources */,
				5A7D6FB72985639B002A1996 /* ProfileModalViewController.swift in Sources */,
				5A09627A29892B51001A472E /* UISegmentedControl.swift in Sources */,
				5A87F3F5298A99740016F69A /* PrivatePhoneViewController.swift in Sources */,
				5A3D7A6A298840950020C74F /* LoginDataManager.swift in Sources */,
				5A84D9E6298CAB8F006E8D66 /* NoticeViewController.swift in Sources */,
				5A4AC7B42993A5930021B4B1 /* PrivateEmailResponse.swift in Sources */,
				5A7D6FA0298545E2002A1996 /* IndicatorView.swift in Sources */,
				5A10E1852990E45300E4265C /* MakePostViewController.swift in Sources */,
				5A0962812989334E001A472E /* UIView.swift in Sources */,
				5A7D6FAB29854742002A1996 /* UIFont.swift in Sources */,
				5AF193B4298A49720011F1AD /* EditNameViewController.swift in Sources */,
				5A87F3EB298A8C7C0016F69A /* UIAlertAction.swift in Sources */,
				5A84DA04298CF0EC006E8D66 /* DefaultNavigationController.swift in Sources */,
				5A09629729893CF6001A472E /* FavoriteViewController.swift in Sources */,
				5A84D9DD298B87B7006E8D66 /* UIImage.swift in Sources */,
				5ACD712529936D57004C74EE /* FollowerCollectionViewCell.swift in Sources */,
				5A09629529893CBE001A472E /* BestFriendsViewController.swift in Sources */,
				5A4AC7B62993A5FD0021B4B1 /* PrivateEmailRequest.swift in Sources */,
				5A820B8F298513D200F3784F /* ShopViewController.swift in Sources */,
				5A3D7A572987F2CE0020C74F /* FacebookResponse.swift in Sources */,
				5A4AC7BD2993B9850021B4B1 /* PrivatePhoneDataManager.swift in Sources */,
				5A84DA11298D0A67006E8D66 /* ProfileMakeViewController.swift in Sources */,
				5A7FD341298DFB1900872DB1 /* StoryViewController.swift in Sources */,
				5A3D7A6629883F310020C74F /* LoginRequest.swift in Sources */,
				5A21F3F4298EA5EB00B114E3 /* ProfileResponse.swift in Sources */,
				5A84D9E1298BD281006E8D66 /* CommentViewController.swift in Sources */,
				5A4AC7B12993A5790021B4B1 /* PrivateEmailDataManager.swift in Sources */,
				5A7D6FA529854724002A1996 /* Date.swift in Sources */,
				5A84DA1E298D3363006E8D66 /* MakeContentsViewController.swift in Sources */,
				5A7D6F9129853B6E002A1996 /* SearchNavigationBarViewController.swift in Sources */,
				5A3D7A60298807D30020C74F /* UserInfoResponse.swift in Sources */,
				5ACD712129935BBA004C74EE /* OtherFeedViewController.swift in Sources */,
				5A820B662984FBCB00F3784F /* AppDelegate.swift in Sources */,
				5A09629329893C85001A472E /* DigitalViewController.swift in Sources */,
				5A10E1A229924A1900E4265C /* UIImageView.swift in Sources */,
				5A09628D29893BDC001A472E /* KeepViewController.swift in Sources */,
				5A7FD345298E28DF00872DB1 /* FeedCollectionViewCell.swift in Sources */,
				5A3D7A552987F2110020C74F /* FacebookRequest.swift in Sources */,
				5ACD712829938070004C74EE /* MyFeedViewController.swift in Sources */,
				5AF193B0298A2CEF0011F1AD /* EditViewController.swift in Sources */,
				5A4AC7B82993AB9D0021B4B1 /* PrivateSingleton.swift in Sources */,
				5A0CD9BE298F9D5E00A1E894 /* FolloweeViewController.swift in Sources */,
				5A10E1A02992477000E4265C /* ImageViewController.swift in Sources */,
				5A87F3F1298A98340016F69A /* PrivateEmailViewController.swift in Sources */,
				5A3D7A592987F3AC0020C74F /* FacebookDataManager.swift in Sources */,
				5A3D7A4629878A280020C74F /* NameViewController.swift in Sources */,
				5A4AC7BA2993B3610021B4B1 /* OtherFeedCollectionViewCell.swift in Sources */,
				5A7D6FB129854760002A1996 /* UINavigationBar.swift in Sources */,
				5AF193C1298A4DEF0011F1AD /* EditPrivateViewController.swift in Sources */,
				5A7D6F8F2985162A002A1996 /* ReelsViewController.swift in Sources */,
				5A84DA28298D377F006E8D66 /* MakeHighlightsViewController.swift in Sources */,
				5A3D7A62298823200020C74F /* ConfirmDataManager.swift in Sources */,
				5ACD712A299380B3004C74EE /* MyFeedCollectionViewCell.swift in Sources */,
				5A84DA1A298D332E006E8D66 /* MakeReelsViewController.swift in Sources */,
				5A09628B29893B9B001A472E /* ActivityViewController.swift in Sources */,
				5A84D9D7298B721F006E8D66 /* SearchTapViewController.swift in Sources */,
				5A87F3E0298A6F470016F69A /* CustomTextFields.swift in Sources */,
				5A4AC7BF2993B9900021B4B1 /* PrivatePhoneResponse.swift in Sources */,
				5A820B682984FBCB00F3784F /* SceneDelegate.swift in Sources */,
			);
			runOnlyForDeploymentPostprocessing = 0;
		};
/* End PBXSourcesBuildPhase section */

/* Begin PBXVariantGroup section */
		5A820B6B2984FBCB00F3784F /* Main.storyboard */ = {
			isa = PBXVariantGroup;
			children = (
				5A820B6C2984FBCB00F3784F /* Base */,
			);
			name = Main.storyboard;
			sourceTree = "<group>";
		};
		5A820B702984FBCD00F3784F /* LaunchScreen.storyboard */ = {
			isa = PBXVariantGroup;
			children = (
				5A820B712984FBCD00F3784F /* Base */,
			);
			name = LaunchScreen.storyboard;
			sourceTree = "<group>";
		};
/* End PBXVariantGroup section */

/* Begin XCBuildConfiguration section */
		5A820B742984FBCD00F3784F /* Debug */ = {
			isa = XCBuildConfiguration;
			buildSettings = {
				ALWAYS_SEARCH_USER_PATHS = NO;
				CLANG_ANALYZER_NONNULL = YES;
				CLANG_ANALYZER_NUMBER_OBJECT_CONVERSION = YES_AGGRESSIVE;
				CLANG_CXX_LANGUAGE_STANDARD = "gnu++20";
				CLANG_ENABLE_MODULES = YES;
				CLANG_ENABLE_OBJC_ARC = YES;
				CLANG_ENABLE_OBJC_WEAK = YES;
				CLANG_WARN_BLOCK_CAPTURE_AUTORELEASING = YES;
				CLANG_WARN_BOOL_CONVERSION = YES;
				CLANG_WARN_COMMA = YES;
				CLANG_WARN_CONSTANT_CONVERSION = YES;
				CLANG_WARN_DEPRECATED_OBJC_IMPLEMENTATIONS = YES;
				CLANG_WARN_DIRECT_OBJC_ISA_USAGE = YES_ERROR;
				CLANG_WARN_DOCUMENTATION_COMMENTS = YES;
				CLANG_WARN_EMPTY_BODY = YES;
				CLANG_WARN_ENUM_CONVERSION = YES;
				CLANG_WARN_INFINITE_RECURSION = YES;
				CLANG_WARN_INT_CONVERSION = YES;
				CLANG_WARN_NON_LITERAL_NULL_CONVERSION = YES;
				CLANG_WARN_OBJC_IMPLICIT_RETAIN_SELF = YES;
				CLANG_WARN_OBJC_LITERAL_CONVERSION = YES;
				CLANG_WARN_OBJC_ROOT_CLASS = YES_ERROR;
				CLANG_WARN_QUOTED_INCLUDE_IN_FRAMEWORK_HEADER = YES;
				CLANG_WARN_RANGE_LOOP_ANALYSIS = YES;
				CLANG_WARN_STRICT_PROTOTYPES = YES;
				CLANG_WARN_SUSPICIOUS_MOVE = YES;
				CLANG_WARN_UNGUARDED_AVAILABILITY = YES_AGGRESSIVE;
				CLANG_WARN_UNREACHABLE_CODE = YES;
				CLANG_WARN__DUPLICATE_METHOD_MATCH = YES;
				COPY_PHASE_STRIP = NO;
				DEBUG_INFORMATION_FORMAT = dwarf;
				ENABLE_STRICT_OBJC_MSGSEND = YES;
				ENABLE_TESTABILITY = YES;
				GCC_C_LANGUAGE_STANDARD = gnu11;
				GCC_DYNAMIC_NO_PIC = NO;
				GCC_NO_COMMON_BLOCKS = YES;
				GCC_OPTIMIZATION_LEVEL = 0;
				GCC_PREPROCESSOR_DEFINITIONS = (
					"DEBUG=1",
					"$(inherited)",
				);
				GCC_WARN_64_TO_32_BIT_CONVERSION = YES;
				GCC_WARN_ABOUT_RETURN_TYPE = YES_ERROR;
				GCC_WARN_UNDECLARED_SELECTOR = YES;
				GCC_WARN_UNINITIALIZED_AUTOS = YES_AGGRESSIVE;
				GCC_WARN_UNUSED_FUNCTION = YES;
				GCC_WARN_UNUSED_VARIABLE = YES;
				IPHONEOS_DEPLOYMENT_TARGET = 16.0;
				MTL_ENABLE_DEBUG_INFO = INCLUDE_SOURCE;
				MTL_FAST_MATH = YES;
				ONLY_ACTIVE_ARCH = YES;
				SDKROOT = iphoneos;
				SWIFT_ACTIVE_COMPILATION_CONDITIONS = DEBUG;
				SWIFT_OPTIMIZATION_LEVEL = "-Onone";
			};
			name = Debug;
		};
		5A820B752984FBCD00F3784F /* Release */ = {
			isa = XCBuildConfiguration;
			buildSettings = {
				ALWAYS_SEARCH_USER_PATHS = NO;
				CLANG_ANALYZER_NONNULL = YES;
				CLANG_ANALYZER_NUMBER_OBJECT_CONVERSION = YES_AGGRESSIVE;
				CLANG_CXX_LANGUAGE_STANDARD = "gnu++20";
				CLANG_ENABLE_MODULES = YES;
				CLANG_ENABLE_OBJC_ARC = YES;
				CLANG_ENABLE_OBJC_WEAK = YES;
				CLANG_WARN_BLOCK_CAPTURE_AUTORELEASING = YES;
				CLANG_WARN_BOOL_CONVERSION = YES;
				CLANG_WARN_COMMA = YES;
				CLANG_WARN_CONSTANT_CONVERSION = YES;
				CLANG_WARN_DEPRECATED_OBJC_IMPLEMENTATIONS = YES;
				CLANG_WARN_DIRECT_OBJC_ISA_USAGE = YES_ERROR;
				CLANG_WARN_DOCUMENTATION_COMMENTS = YES;
				CLANG_WARN_EMPTY_BODY = YES;
				CLANG_WARN_ENUM_CONVERSION = YES;
				CLANG_WARN_INFINITE_RECURSION = YES;
				CLANG_WARN_INT_CONVERSION = YES;
				CLANG_WARN_NON_LITERAL_NULL_CONVERSION = YES;
				CLANG_WARN_OBJC_IMPLICIT_RETAIN_SELF = YES;
				CLANG_WARN_OBJC_LITERAL_CONVERSION = YES;
				CLANG_WARN_OBJC_ROOT_CLASS = YES_ERROR;
				CLANG_WARN_QUOTED_INCLUDE_IN_FRAMEWORK_HEADER = YES;
				CLANG_WARN_RANGE_LOOP_ANALYSIS = YES;
				CLANG_WARN_STRICT_PROTOTYPES = YES;
				CLANG_WARN_SUSPICIOUS_MOVE = YES;
				CLANG_WARN_UNGUARDED_AVAILABILITY = YES_AGGRESSIVE;
				CLANG_WARN_UNREACHABLE_CODE = YES;
				CLANG_WARN__DUPLICATE_METHOD_MATCH = YES;
				COPY_PHASE_STRIP = NO;
				DEBUG_INFORMATION_FORMAT = "dwarf-with-dsym";
				ENABLE_NS_ASSERTIONS = NO;
				ENABLE_STRICT_OBJC_MSGSEND = YES;
				GCC_C_LANGUAGE_STANDARD = gnu11;
				GCC_NO_COMMON_BLOCKS = YES;
				GCC_WARN_64_TO_32_BIT_CONVERSION = YES;
				GCC_WARN_ABOUT_RETURN_TYPE = YES_ERROR;
				GCC_WARN_UNDECLARED_SELECTOR = YES;
				GCC_WARN_UNINITIALIZED_AUTOS = YES_AGGRESSIVE;
				GCC_WARN_UNUSED_FUNCTION = YES;
				GCC_WARN_UNUSED_VARIABLE = YES;
				IPHONEOS_DEPLOYMENT_TARGET = 16.0;
				MTL_ENABLE_DEBUG_INFO = NO;
				MTL_FAST_MATH = YES;
				SDKROOT = iphoneos;
				SWIFT_COMPILATION_MODE = wholemodule;
				SWIFT_OPTIMIZATION_LEVEL = "-O";
				VALIDATE_PRODUCT = YES;
			};
			name = Release;
		};
		5A820B772984FBCD00F3784F /* Debug */ = {
			isa = XCBuildConfiguration;
			baseConfigurationReference = 89087EE05009C17450D9DE31 /* Pods-instagram_ios.debug.xcconfig */;
			buildSettings = {
				ASSETCATALOG_COMPILER_APPICON_NAME = AppIcon;
				ASSETCATALOG_COMPILER_GLOBAL_ACCENT_COLOR_NAME = AccentColor;
				CODE_SIGN_STYLE = Automatic;
				CURRENT_PROJECT_VERSION = 1;
				DEVELOPMENT_TEAM = 49256BK4G3;
				GENERATE_INFOPLIST_FILE = YES;
				INFOPLIST_FILE = instagram_ios/Info.plist;
				INFOPLIST_KEY_UIApplicationSupportsIndirectInputEvents = YES;
				INFOPLIST_KEY_UILaunchStoryboardName = LaunchScreen;
				INFOPLIST_KEY_UIMainStoryboardFile = Main;
				INFOPLIST_KEY_UISupportedInterfaceOrientations_iPad = "UIInterfaceOrientationPortrait UIInterfaceOrientationPortraitUpsideDown UIInterfaceOrientationLandscapeLeft UIInterfaceOrientationLandscapeRight";
				INFOPLIST_KEY_UISupportedInterfaceOrientations_iPhone = "UIInterfaceOrientationPortrait UIInterfaceOrientationLandscapeLeft UIInterfaceOrientationLandscapeRight";
				LD_RUNPATH_SEARCH_PATHS = (
					"$(inherited)",
					"@executable_path/Frameworks",
				);
				MARKETING_VERSION = 1.0;
				PRODUCT_BUNDLE_IDENTIFIER = "practice.instagram-ios";
				PRODUCT_NAME = "$(TARGET_NAME)";
				SWIFT_EMIT_LOC_STRINGS = YES;
				SWIFT_VERSION = 5.0;
				TARGETED_DEVICE_FAMILY = "1,2";
			};
			name = Debug;
		};
		5A820B782984FBCD00F3784F /* Release */ = {
			isa = XCBuildConfiguration;
			baseConfigurationReference = 3CC65BFA27945CCE918CE860 /* Pods-instagram_ios.release.xcconfig */;
			buildSettings = {
				ASSETCATALOG_COMPILER_APPICON_NAME = AppIcon;
				ASSETCATALOG_COMPILER_GLOBAL_ACCENT_COLOR_NAME = AccentColor;
				CODE_SIGN_STYLE = Automatic;
				CURRENT_PROJECT_VERSION = 1;
				DEVELOPMENT_TEAM = 49256BK4G3;
				GENERATE_INFOPLIST_FILE = YES;
				INFOPLIST_FILE = instagram_ios/Info.plist;
				INFOPLIST_KEY_UIApplicationSupportsIndirectInputEvents = YES;
				INFOPLIST_KEY_UILaunchStoryboardName = LaunchScreen;
				INFOPLIST_KEY_UIMainStoryboardFile = Main;
				INFOPLIST_KEY_UISupportedInterfaceOrientations_iPad = "UIInterfaceOrientationPortrait UIInterfaceOrientationPortraitUpsideDown UIInterfaceOrientationLandscapeLeft UIInterfaceOrientationLandscapeRight";
				INFOPLIST_KEY_UISupportedInterfaceOrientations_iPhone = "UIInterfaceOrientationPortrait UIInterfaceOrientationLandscapeLeft UIInterfaceOrientationLandscapeRight";
				LD_RUNPATH_SEARCH_PATHS = (
					"$(inherited)",
					"@executable_path/Frameworks",
				);
				MARKETING_VERSION = 1.0;
				PRODUCT_BUNDLE_IDENTIFIER = "practice.instagram-ios";
				PRODUCT_NAME = "$(TARGET_NAME)";
				SWIFT_EMIT_LOC_STRINGS = YES;
				SWIFT_VERSION = 5.0;
				TARGETED_DEVICE_FAMILY = "1,2";
			};
			name = Release;
		};
/* End XCBuildConfiguration section */

/* Begin XCConfigurationList section */
		5A820B5D2984FBCB00F3784F /* Build configuration list for PBXProject "instagram_ios" */ = {
			isa = XCConfigurationList;
			buildConfigurations = (
				5A820B742984FBCD00F3784F /* Debug */,
				5A820B752984FBCD00F3784F /* Release */,
			);
			defaultConfigurationIsVisible = 0;
			defaultConfigurationName = Release;
		};
		5A820B762984FBCD00F3784F /* Build configuration list for PBXNativeTarget "instagram_ios" */ = {
			isa = XCConfigurationList;
			buildConfigurations = (
				5A820B772984FBCD00F3784F /* Debug */,
				5A820B782984FBCD00F3784F /* Release */,
			);
			defaultConfigurationIsVisible = 0;
			defaultConfigurationName = Release;
		};
/* End XCConfigurationList section */
	};
	rootObject = 5A820B5A2984FBCB00F3784F /* Project object */;
}
