// !$*UTF8*$!
{
	archiveVersion = 1;
	classes = {
	};
	objectVersion = 56;
	objects = {

/* Begin PBXBuildFile section */
		5A3D7A3729874EFB0020C74F /* RegisterViewController.swift in Sources */ = {isa = PBXBuildFile; fileRef = 5A3D7A3629874EFB0020C74F /* RegisterViewController.swift */; };
		5A3D7A39298757F30020C74F /* InfoViewController.swift in Sources */ = {isa = PBXBuildFile; fileRef = 5A3D7A38298757F30020C74F /* InfoViewController.swift */; };
		5A3D7A3C2987580E0020C74F /* InfoViewController.storyboard in Resources */ = {isa = PBXBuildFile; fileRef = 5A3D7A3B2987580E0020C74F /* InfoViewController.storyboard */; };
		5A3D7A4329877BE10020C74F /* EmailViewController.swift in Sources */ = {isa = PBXBuildFile; fileRef = 5A3D7A4229877BE10020C74F /* EmailViewController.swift */; };
		5A3D7A4629878A280020C74F /* NameViewController.swift in Sources */ = {isa = PBXBuildFile; fileRef = 5A3D7A4529878A280020C74F /* NameViewController.swift */; };
		5A3D7A492987907E0020C74F /* PasswordViewController.swift in Sources */ = {isa = PBXBuildFile; fileRef = 5A3D7A482987907E0020C74F /* PasswordViewController.swift */; };
		5A3D7A4C298792440020C74F /* UserNameViewController.swift in Sources */ = {isa = PBXBuildFile; fileRef = 5A3D7A4B298792440020C74F /* UserNameViewController.swift */; };
		5A3D7A4F298793260020C74F /* ConfirmViewController.swift in Sources */ = {isa = PBXBuildFile; fileRef = 5A3D7A4E298793260020C74F /* ConfirmViewController.swift */; };
		5A3D7A522987AD920020C74F /* FacebookViewController.swift in Sources */ = {isa = PBXBuildFile; fileRef = 5A3D7A512987AD920020C74F /* FacebookViewController.swift */; };
		5A3D7A552987F2110020C74F /* FacebookRequest.swift in Sources */ = {isa = PBXBuildFile; fileRef = 5A3D7A542987F2110020C74F /* FacebookRequest.swift */; };
		5A3D7A572987F2CE0020C74F /* FacebookResponse.swift in Sources */ = {isa = PBXBuildFile; fileRef = 5A3D7A562987F2CE0020C74F /* FacebookResponse.swift */; };
		5A3D7A592987F3AC0020C74F /* FacebookDataManager.swift in Sources */ = {isa = PBXBuildFile; fileRef = 5A3D7A582987F3AC0020C74F /* FacebookDataManager.swift */; };
		5A3D7A5B2987F77A0020C74F /* PhoneViewController.swift in Sources */ = {isa = PBXBuildFile; fileRef = 5A3D7A5A2987F77A0020C74F /* PhoneViewController.swift */; };
		5A3D7A5E298807C90020C74F /* UserInfoRequest.swift in Sources */ = {isa = PBXBuildFile; fileRef = 5A3D7A5D298807C90020C74F /* UserInfoRequest.swift */; };
		5A3D7A60298807D30020C74F /* UserInfoResponse.swift in Sources */ = {isa = PBXBuildFile; fileRef = 5A3D7A5F298807D30020C74F /* UserInfoResponse.swift */; };
		5A3D7A62298823200020C74F /* ConfirmDataManager.swift in Sources */ = {isa = PBXBuildFile; fileRef = 5A3D7A61298823200020C74F /* ConfirmDataManager.swift */; };
		5A3D7A6629883F310020C74F /* LoginRequest.swift in Sources */ = {isa = PBXBuildFile; fileRef = 5A3D7A6529883F310020C74F /* LoginRequest.swift */; };
		5A3D7A6A298840950020C74F /* LoginDataManager.swift in Sources */ = {isa = PBXBuildFile; fileRef = 5A3D7A69298840950020C74F /* LoginDataManager.swift */; };
		5A3D7A6C298841450020C74F /* LoginResponse.swift in Sources */ = {isa = PBXBuildFile; fileRef = 5A3D7A6B298841450020C74F /* LoginResponse.swift */; };
		5A7D6F8D2985161F002A1996 /* ReelsViewController.storyboard in Resources */ = {isa = PBXBuildFile; fileRef = 5A7D6F8C2985161F002A1996 /* ReelsViewController.storyboard */; };
		5A7D6F8F2985162A002A1996 /* ReelsViewController.swift in Sources */ = {isa = PBXBuildFile; fileRef = 5A7D6F8E2985162A002A1996 /* ReelsViewController.swift */; };
		5A7D6F9129853B6E002A1996 /* SearchBarViewController.swift in Sources */ = {isa = PBXBuildFile; fileRef = 5A7D6F9029853B6E002A1996 /* SearchBarViewController.swift */; };
		5A7D6F942985441D002A1996 /* Constant.swift in Sources */ = {isa = PBXBuildFile; fileRef = 5A7D6F932985441D002A1996 /* Constant.swift */; };
		5A7D6F9C2985456B002A1996 /* NotoSansCJKkr-Medium.otf in Resources */ = {isa = PBXBuildFile; fileRef = 5A7D6F992985456B002A1996 /* NotoSansCJKkr-Medium.otf */; };
		5A7D6F9D2985456B002A1996 /* NotoSansCJKkr-Regular.otf in Resources */ = {isa = PBXBuildFile; fileRef = 5A7D6F9A2985456B002A1996 /* NotoSansCJKkr-Regular.otf */; };
		5A7D6F9E2985456B002A1996 /* NotoSansCJKkr-Bold.otf in Resources */ = {isa = PBXBuildFile; fileRef = 5A7D6F9B2985456B002A1996 /* NotoSansCJKkr-Bold.otf */; };
		5A7D6FA0298545E2002A1996 /* IndicatorView.swift in Sources */ = {isa = PBXBuildFile; fileRef = 5A7D6F9F298545E2002A1996 /* IndicatorView.swift */; };
		5A7D6FA2298546F5002A1996 /* Device.swift in Sources */ = {isa = PBXBuildFile; fileRef = 5A7D6FA1298546F5002A1996 /* Device.swift */; };
		5A7D6FA529854724002A1996 /* Date.swift in Sources */ = {isa = PBXBuildFile; fileRef = 5A7D6FA429854724002A1996 /* Date.swift */; };
		5A7D6FA729854736002A1996 /* String.swift in Sources */ = {isa = PBXBuildFile; fileRef = 5A7D6FA629854736002A1996 /* String.swift */; };
		5A7D6FA92985473C002A1996 /* UIColor.swift in Sources */ = {isa = PBXBuildFile; fileRef = 5A7D6FA82985473C002A1996 /* UIColor.swift */; };
		5A7D6FAB29854742002A1996 /* UIFont.swift in Sources */ = {isa = PBXBuildFile; fileRef = 5A7D6FAA29854742002A1996 /* UIFont.swift */; };
		5A7D6FAD2985474B002A1996 /* UIButton.swift in Sources */ = {isa = PBXBuildFile; fileRef = 5A7D6FAC2985474B002A1996 /* UIButton.swift */; };
		5A7D6FAF29854754002A1996 /* UIViewController.swift in Sources */ = {isa = PBXBuildFile; fileRef = 5A7D6FAE29854754002A1996 /* UIViewController.swift */; };
		5A7D6FB129854760002A1996 /* UINavigationBar.swift in Sources */ = {isa = PBXBuildFile; fileRef = 5A7D6FB029854760002A1996 /* UINavigationBar.swift */; };
		5A7D6FB3298548C9002A1996 /* ShopNavigationBarViewController.swift in Sources */ = {isa = PBXBuildFile; fileRef = 5A7D6FB2298548C9002A1996 /* ShopNavigationBarViewController.swift */; };
		5A7D6FB529855EAE002A1996 /* ProfileNavigationBarViewController.swift in Sources */ = {isa = PBXBuildFile; fileRef = 5A7D6FB429855EAE002A1996 /* ProfileNavigationBarViewController.swift */; };
		5A7D6FB72985639B002A1996 /* ProfileModalViewController.swift in Sources */ = {isa = PBXBuildFile; fileRef = 5A7D6FB62985639B002A1996 /* ProfileModalViewController.swift */; };
		5A7D6FBB298566B5002A1996 /* ProfileModalViewController.storyboard in Resources */ = {isa = PBXBuildFile; fileRef = 5A7D6FBA298566B5002A1996 /* ProfileModalViewController.storyboard */; };
		5A7D6FC12985F960002A1996 /* ModalTableViewCell.swift in Sources */ = {isa = PBXBuildFile; fileRef = 5A7D6FC02985F960002A1996 /* ModalTableViewCell.swift */; };
		5A7D6FC529861E49002A1996 /* LoginViewController.swift in Sources */ = {isa = PBXBuildFile; fileRef = 5A7D6FC429861E49002A1996 /* LoginViewController.swift */; };
		5A820B662984FBCB00F3784F /* AppDelegate.swift in Sources */ = {isa = PBXBuildFile; fileRef = 5A820B652984FBCB00F3784F /* AppDelegate.swift */; };
		5A820B682984FBCB00F3784F /* SceneDelegate.swift in Sources */ = {isa = PBXBuildFile; fileRef = 5A820B672984FBCB00F3784F /* SceneDelegate.swift */; };
		5A820B6A2984FBCB00F3784F /* ViewController.swift in Sources */ = {isa = PBXBuildFile; fileRef = 5A820B692984FBCB00F3784F /* ViewController.swift */; };
		5A820B6D2984FBCB00F3784F /* Main.storyboard in Resources */ = {isa = PBXBuildFile; fileRef = 5A820B6B2984FBCB00F3784F /* Main.storyboard */; };
		5A820B6F2984FBCD00F3784F /* Assets.xcassets in Resources */ = {isa = PBXBuildFile; fileRef = 5A820B6E2984FBCD00F3784F /* Assets.xcassets */; };
		5A820B722984FBCD00F3784F /* LaunchScreen.storyboard in Resources */ = {isa = PBXBuildFile; fileRef = 5A820B702984FBCD00F3784F /* LaunchScreen.storyboard */; };
		5A820B8129850F0600F3784F /* ProfileViewController.storyboard in Resources */ = {isa = PBXBuildFile; fileRef = 5A820B8029850F0600F3784F /* ProfileViewController.storyboard */; };
		5A820B8329850F0E00F3784F /* ProfileViewController.swift in Sources */ = {isa = PBXBuildFile; fileRef = 5A820B8229850F0E00F3784F /* ProfileViewController.swift */; };
		5A820B852985127B00F3784F /* SearchViewController.storyboard in Resources */ = {isa = PBXBuildFile; fileRef = 5A820B842985127B00F3784F /* SearchViewController.storyboard */; };
		5A820B872985128500F3784F /* SearchViewController.swift in Sources */ = {isa = PBXBuildFile; fileRef = 5A820B862985128500F3784F /* SearchViewController.swift */; };
		5A820B8D298513CD00F3784F /* ShopViewController.storyboard in Resources */ = {isa = PBXBuildFile; fileRef = 5A820B8C298513CD00F3784F /* ShopViewController.storyboard */; };
		5A820B8F298513D200F3784F /* ShopViewController.swift in Sources */ = {isa = PBXBuildFile; fileRef = 5A820B8E298513D200F3784F /* ShopViewController.swift */; };
		C54250334CD8ECA185B1F976 /* Pods_instagram_ios.framework in Frameworks */ = {isa = PBXBuildFile; fileRef = DAE0D9BF487D34AC969B879E /* Pods_instagram_ios.framework */; };
/* End PBXBuildFile section */

/* Begin PBXFileReference section */
		3CC65BFA27945CCE918CE860 /* Pods-instagram_ios.release.xcconfig */ = {isa = PBXFileReference; includeInIndex = 1; lastKnownFileType = text.xcconfig; name = "Pods-instagram_ios.release.xcconfig"; path = "Target Support Files/Pods-instagram_ios/Pods-instagram_ios.release.xcconfig"; sourceTree = "<group>"; };
		5A3D7A3629874EFB0020C74F /* RegisterViewController.swift */ = {isa = PBXFileReference; lastKnownFileType = sourcecode.swift; path = RegisterViewController.swift; sourceTree = "<group>"; };
		5A3D7A38298757F30020C74F /* InfoViewController.swift */ = {isa = PBXFileReference; lastKnownFileType = sourcecode.swift; path = InfoViewController.swift; sourceTree = "<group>"; };
		5A3D7A3B2987580E0020C74F /* InfoViewController.storyboard */ = {isa = PBXFileReference; lastKnownFileType = file.storyboard; path = InfoViewController.storyboard; sourceTree = "<group>"; };
		5A3D7A4229877BE10020C74F /* EmailViewController.swift */ = {isa = PBXFileReference; lastKnownFileType = sourcecode.swift; path = EmailViewController.swift; sourceTree = "<group>"; };
		5A3D7A4529878A280020C74F /* NameViewController.swift */ = {isa = PBXFileReference; lastKnownFileType = sourcecode.swift; path = NameViewController.swift; sourceTree = "<group>"; };
		5A3D7A482987907E0020C74F /* PasswordViewController.swift */ = {isa = PBXFileReference; lastKnownFileType = sourcecode.swift; path = PasswordViewController.swift; sourceTree = "<group>"; };
		5A3D7A4B298792440020C74F /* UserNameViewController.swift */ = {isa = PBXFileReference; lastKnownFileType = sourcecode.swift; path = UserNameViewController.swift; sourceTree = "<group>"; };
		5A3D7A4E298793260020C74F /* ConfirmViewController.swift */ = {isa = PBXFileReference; lastKnownFileType = sourcecode.swift; path = ConfirmViewController.swift; sourceTree = "<group>"; };
		5A3D7A512987AD920020C74F /* FacebookViewController.swift */ = {isa = PBXFileReference; lastKnownFileType = sourcecode.swift; path = FacebookViewController.swift; sourceTree = "<group>"; };
		5A3D7A542987F2110020C74F /* FacebookRequest.swift */ = {isa = PBXFileReference; lastKnownFileType = sourcecode.swift; path = FacebookRequest.swift; sourceTree = "<group>"; };
		5A3D7A562987F2CE0020C74F /* FacebookResponse.swift */ = {isa = PBXFileReference; lastKnownFileType = sourcecode.swift; path = FacebookResponse.swift; sourceTree = "<group>"; };
		5A3D7A582987F3AC0020C74F /* FacebookDataManager.swift */ = {isa = PBXFileReference; lastKnownFileType = sourcecode.swift; path = FacebookDataManager.swift; sourceTree = "<group>"; };
		5A3D7A5A2987F77A0020C74F /* PhoneViewController.swift */ = {isa = PBXFileReference; lastKnownFileType = sourcecode.swift; name = PhoneViewController.swift; path = instagram_ios/Source/Main/Register/FacebookLogin/PhoneViewController.swift; sourceTree = SOURCE_ROOT; };
		5A3D7A5D298807C90020C74F /* UserInfoRequest.swift */ = {isa = PBXFileReference; lastKnownFileType = sourcecode.swift; path = UserInfoRequest.swift; sourceTree = "<group>"; };
		5A3D7A5F298807D30020C74F /* UserInfoResponse.swift */ = {isa = PBXFileReference; lastKnownFileType = sourcecode.swift; path = UserInfoResponse.swift; sourceTree = "<group>"; };
		5A3D7A61298823200020C74F /* ConfirmDataManager.swift */ = {isa = PBXFileReference; lastKnownFileType = sourcecode.swift; path = ConfirmDataManager.swift; sourceTree = "<group>"; };
		5A3D7A6529883F310020C74F /* LoginRequest.swift */ = {isa = PBXFileReference; lastKnownFileType = sourcecode.swift; path = LoginRequest.swift; sourceTree = "<group>"; };
		5A3D7A69298840950020C74F /* LoginDataManager.swift */ = {isa = PBXFileReference; lastKnownFileType = sourcecode.swift; path = LoginDataManager.swift; sourceTree = "<group>"; };
		5A3D7A6B298841450020C74F /* LoginResponse.swift */ = {isa = PBXFileReference; lastKnownFileType = sourcecode.swift; path = LoginResponse.swift; sourceTree = "<group>"; };
		5A7D6F8C2985161F002A1996 /* ReelsViewController.storyboard */ = {isa = PBXFileReference; lastKnownFileType = file.storyboard; path = ReelsViewController.storyboard; sourceTree = "<group>"; };
		5A7D6F8E2985162A002A1996 /* ReelsViewController.swift */ = {isa = PBXFileReference; lastKnownFileType = sourcecode.swift; path = ReelsViewController.swift; sourceTree = "<group>"; };
		5A7D6F9029853B6E002A1996 /* SearchBarViewController.swift */ = {isa = PBXFileReference; lastKnownFileType = sourcecode.swift; path = SearchBarViewController.swift; sourceTree = "<group>"; };
		5A7D6F932985441D002A1996 /* Constant.swift */ = {isa = PBXFileReference; lastKnownFileType = sourcecode.swift; path = Constant.swift; sourceTree = "<group>"; };
		5A7D6F992985456B002A1996 /* NotoSansCJKkr-Medium.otf */ = {isa = PBXFileReference; lastKnownFileType = file; name = "NotoSansCJKkr-Medium.otf"; path = "../../../../../../../../Downloads/ios-template-storyboard-master/EduTemplate/Configuration/Font/NotoSansCJKkr-Medium.otf"; sourceTree = "<group>"; };
		5A7D6F9A2985456B002A1996 /* NotoSansCJKkr-Regular.otf */ = {isa = PBXFileReference; lastKnownFileType = file; name = "NotoSansCJKkr-Regular.otf"; path = "../../../../../../../../Downloads/ios-template-storyboard-master/EduTemplate/Configuration/Font/NotoSansCJKkr-Regular.otf"; sourceTree = "<group>"; };
		5A7D6F9B2985456B002A1996 /* NotoSansCJKkr-Bold.otf */ = {isa = PBXFileReference; lastKnownFileType = file; name = "NotoSansCJKkr-Bold.otf"; path = "../../../../../../../../Downloads/ios-template-storyboard-master/EduTemplate/Configuration/Font/NotoSansCJKkr-Bold.otf"; sourceTree = "<group>"; };
		5A7D6F9F298545E2002A1996 /* IndicatorView.swift */ = {isa = PBXFileReference; lastKnownFileType = sourcecode.swift; path = IndicatorView.swift; sourceTree = "<group>"; };
		5A7D6FA1298546F5002A1996 /* Device.swift */ = {isa = PBXFileReference; lastKnownFileType = sourcecode.swift; path = Device.swift; sourceTree = "<group>"; };
		5A7D6FA429854724002A1996 /* Date.swift */ = {isa = PBXFileReference; lastKnownFileType = sourcecode.swift; path = Date.swift; sourceTree = "<group>"; };
		5A7D6FA629854736002A1996 /* String.swift */ = {isa = PBXFileReference; lastKnownFileType = sourcecode.swift; path = String.swift; sourceTree = "<group>"; };
		5A7D6FA82985473C002A1996 /* UIColor.swift */ = {isa = PBXFileReference; lastKnownFileType = sourcecode.swift; path = UIColor.swift; sourceTree = "<group>"; };
		5A7D6FAA29854742002A1996 /* UIFont.swift */ = {isa = PBXFileReference; lastKnownFileType = sourcecode.swift; path = UIFont.swift; sourceTree = "<group>"; };
		5A7D6FAC2985474B002A1996 /* UIButton.swift */ = {isa = PBXFileReference; lastKnownFileType = sourcecode.swift; path = UIButton.swift; sourceTree = "<group>"; };
		5A7D6FAE29854754002A1996 /* UIViewController.swift */ = {isa = PBXFileReference; lastKnownFileType = sourcecode.swift; path = UIViewController.swift; sourceTree = "<group>"; };
		5A7D6FB029854760002A1996 /* UINavigationBar.swift */ = {isa = PBXFileReference; lastKnownFileType = sourcecode.swift; path = UINavigationBar.swift; sourceTree = "<group>"; };
		5A7D6FB2298548C9002A1996 /* ShopNavigationBarViewController.swift */ = {isa = PBXFileReference; lastKnownFileType = sourcecode.swift; path = ShopNavigationBarViewController.swift; sourceTree = "<group>"; };
		5A7D6FB429855EAE002A1996 /* ProfileNavigationBarViewController.swift */ = {isa = PBXFileReference; lastKnownFileType = sourcecode.swift; path = ProfileNavigationBarViewController.swift; sourceTree = "<group>"; };
		5A7D6FB62985639B002A1996 /* ProfileModalViewController.swift */ = {isa = PBXFileReference; lastKnownFileType = sourcecode.swift; path = ProfileModalViewController.swift; sourceTree = "<group>"; };
		5A7D6FBA298566B5002A1996 /* ProfileModalViewController.storyboard */ = {isa = PBXFileReference; lastKnownFileType = file.storyboard; path = ProfileModalViewController.storyboard; sourceTree = "<group>"; };
		5A7D6FC02985F960002A1996 /* ModalTableViewCell.swift */ = {isa = PBXFileReference; lastKnownFileType = sourcecode.swift; path = ModalTableViewCell.swift; sourceTree = "<group>"; };
		5A7D6FC429861E49002A1996 /* LoginViewController.swift */ = {isa = PBXFileReference; lastKnownFileType = sourcecode.swift; path = LoginViewController.swift; sourceTree = "<group>"; };
		5A820B622984FBCB00F3784F /* instagram_ios.app */ = {isa = PBXFileReference; explicitFileType = wrapper.application; includeInIndex = 0; path = instagram_ios.app; sourceTree = BUILT_PRODUCTS_DIR; };
		5A820B652984FBCB00F3784F /* AppDelegate.swift */ = {isa = PBXFileReference; lastKnownFileType = sourcecode.swift; path = AppDelegate.swift; sourceTree = "<group>"; };
		5A820B672984FBCB00F3784F /* SceneDelegate.swift */ = {isa = PBXFileReference; lastKnownFileType = sourcecode.swift; path = SceneDelegate.swift; sourceTree = "<group>"; };
		5A820B692984FBCB00F3784F /* ViewController.swift */ = {isa = PBXFileReference; lastKnownFileType = sourcecode.swift; path = ViewController.swift; sourceTree = "<group>"; };
		5A820B6C2984FBCB00F3784F /* Base */ = {isa = PBXFileReference; lastKnownFileType = file.storyboard; name = Base; path = Base.lproj/Main.storyboard; sourceTree = "<group>"; };
		5A820B6E2984FBCD00F3784F /* Assets.xcassets */ = {isa = PBXFileReference; lastKnownFileType = folder.assetcatalog; path = Assets.xcassets; sourceTree = "<group>"; };
		5A820B712984FBCD00F3784F /* Base */ = {isa = PBXFileReference; lastKnownFileType = file.storyboard; name = Base; path = Base.lproj/LaunchScreen.storyboard; sourceTree = "<group>"; };
		5A820B732984FBCD00F3784F /* Info.plist */ = {isa = PBXFileReference; lastKnownFileType = text.plist.xml; path = Info.plist; sourceTree = "<group>"; };
		5A820B8029850F0600F3784F /* ProfileViewController.storyboard */ = {isa = PBXFileReference; lastKnownFileType = file.storyboard; path = ProfileViewController.storyboard; sourceTree = "<group>"; };
		5A820B8229850F0E00F3784F /* ProfileViewController.swift */ = {isa = PBXFileReference; lastKnownFileType = sourcecode.swift; path = ProfileViewController.swift; sourceTree = "<group>"; };
		5A820B842985127B00F3784F /* SearchViewController.storyboard */ = {isa = PBXFileReference; lastKnownFileType = file.storyboard; path = SearchViewController.storyboard; sourceTree = "<group>"; };
		5A820B862985128500F3784F /* SearchViewController.swift */ = {isa = PBXFileReference; lastKnownFileType = sourcecode.swift; path = SearchViewController.swift; sourceTree = "<group>"; };
		5A820B8C298513CD00F3784F /* ShopViewController.storyboard */ = {isa = PBXFileReference; lastKnownFileType = file.storyboard; path = ShopViewController.storyboard; sourceTree = "<group>"; };
		5A820B8E298513D200F3784F /* ShopViewController.swift */ = {isa = PBXFileReference; lastKnownFileType = sourcecode.swift; path = ShopViewController.swift; sourceTree = "<group>"; };
		89087EE05009C17450D9DE31 /* Pods-instagram_ios.debug.xcconfig */ = {isa = PBXFileReference; includeInIndex = 1; lastKnownFileType = text.xcconfig; name = "Pods-instagram_ios.debug.xcconfig"; path = "Target Support Files/Pods-instagram_ios/Pods-instagram_ios.debug.xcconfig"; sourceTree = "<group>"; };
		DAE0D9BF487D34AC969B879E /* Pods_instagram_ios.framework */ = {isa = PBXFileReference; explicitFileType = wrapper.framework; includeInIndex = 0; path = Pods_instagram_ios.framework; sourceTree = BUILT_PRODUCTS_DIR; };
/* End PBXFileReference section */

/* Begin PBXFrameworksBuildPhase section */
		5A820B5F2984FBCB00F3784F /* Frameworks */ = {
			isa = PBXFrameworksBuildPhase;
			buildActionMask = 2147483647;
			files = (
				C54250334CD8ECA185B1F976 /* Pods_instagram_ios.framework in Frameworks */,
			);
			runOnlyForDeploymentPostprocessing = 0;
		};
/* End PBXFrameworksBuildPhase section */

/* Begin PBXGroup section */
		2702D0BB804FEFC3C73DD190 /* Frameworks */ = {
			isa = PBXGroup;
			children = (
				DAE0D9BF487D34AC969B879E /* Pods_instagram_ios.framework */,
			);
			name = Frameworks;
			sourceTree = "<group>";
		};
		5A3D7A3529874EBA0020C74F /* Register */ = {
			isa = PBXGroup;
			children = (
				5A3D7A3629874EFB0020C74F /* RegisterViewController.swift */,
				5A3D7A502987ACAB0020C74F /* FacebookLogin */,
				5A3D7A4029877BC20020C74F /* Phone */,
				5A3D7A4129877BD20020C74F /* Email */,
				5A3D7A4429878A1B0020C74F /* Name */,
				5A3D7A47298790680020C74F /* Password */,
				5A3D7A4A2987922B0020C74F /* UserName */,
				5A3D7A4D2987930B0020C74F /* Confirm */,
				5A3D7A6329883F0A0020C74F /* Login */,
				5A3D7A3B2987580E0020C74F /* InfoViewController.storyboard */,
				5A3D7A38298757F30020C74F /* InfoViewController.swift */,
			);
			path = Register;
			sourceTree = "<group>";
		};
		5A3D7A4029877BC20020C74F /* Phone */ = {
			isa = PBXGroup;
			children = (
				5A3D7A5A2987F77A0020C74F /* PhoneViewController.swift */,
			);
			path = Phone;
			sourceTree = "<group>";
		};
		5A3D7A4129877BD20020C74F /* Email */ = {
			isa = PBXGroup;
			children = (
				5A3D7A4229877BE10020C74F /* EmailViewController.swift */,
			);
			path = Email;
			sourceTree = "<group>";
		};
		5A3D7A4429878A1B0020C74F /* Name */ = {
			isa = PBXGroup;
			children = (
				5A3D7A4529878A280020C74F /* NameViewController.swift */,
			);
			path = Name;
			sourceTree = "<group>";
		};
		5A3D7A47298790680020C74F /* Password */ = {
			isa = PBXGroup;
			children = (
				5A3D7A482987907E0020C74F /* PasswordViewController.swift */,
			);
			path = Password;
			sourceTree = "<group>";
		};
		5A3D7A4A2987922B0020C74F /* UserName */ = {
			isa = PBXGroup;
			children = (
				5A3D7A4B298792440020C74F /* UserNameViewController.swift */,
			);
			path = UserName;
			sourceTree = "<group>";
		};
		5A3D7A4D2987930B0020C74F /* Confirm */ = {
			isa = PBXGroup;
			children = (
				5A3D7A4E298793260020C74F /* ConfirmViewController.swift */,
				5A3D7A61298823200020C74F /* ConfirmDataManager.swift */,
				5A3D7A5C298806EC0020C74F /* Entity */,
			);
			path = Confirm;
			sourceTree = "<group>";
		};
		5A3D7A502987ACAB0020C74F /* FacebookLogin */ = {
			isa = PBXGroup;
			children = (
				5A3D7A512987AD920020C74F /* FacebookViewController.swift */,
				5A3D7A582987F3AC0020C74F /* FacebookDataManager.swift */,
				5A3D7A532987F1F90020C74F /* Entity */,
			);
			path = FacebookLogin;
			sourceTree = "<group>";
		};
		5A3D7A532987F1F90020C74F /* Entity */ = {
			isa = PBXGroup;
			children = (
				5A3D7A542987F2110020C74F /* FacebookRequest.swift */,
				5A3D7A562987F2CE0020C74F /* FacebookResponse.swift */,
			);
			path = Entity;
			sourceTree = "<group>";
		};
		5A3D7A5C298806EC0020C74F /* Entity */ = {
			isa = PBXGroup;
			children = (
				5A3D7A5D298807C90020C74F /* UserInfoRequest.swift */,
				5A3D7A5F298807D30020C74F /* UserInfoResponse.swift */,
			);
			path = Entity;
			sourceTree = "<group>";
		};
		5A3D7A6329883F0A0020C74F /* Login */ = {
			isa = PBXGroup;
			children = (
				5A7D6FC429861E49002A1996 /* LoginViewController.swift */,
				5A3D7A69298840950020C74F /* LoginDataManager.swift */,
				5A3D7A6429883F190020C74F /* Entity */,
			);
			path = Login;
			sourceTree = "<group>";
		};
		5A3D7A6429883F190020C74F /* Entity */ = {
			isa = PBXGroup;
			children = (
				5A3D7A6529883F310020C74F /* LoginRequest.swift */,
				5A3D7A6B298841450020C74F /* LoginResponse.swift */,
			);
			path = Entity;
			sourceTree = "<group>";
		};
		5A7D6F8B29851610002A1996 /* Reels */ = {
			isa = PBXGroup;
			children = (
				5A7D6F8C2985161F002A1996 /* ReelsViewController.storyboard */,
				5A7D6F8E2985162A002A1996 /* ReelsViewController.swift */,
			);
			path = Reels;
			sourceTree = "<group>";
		};
		5A7D6F922985440D002A1996 /* Configuration */ = {
			isa = PBXGroup;
			children = (
				5A7D6F932985441D002A1996 /* Constant.swift */,
				5A7D6F962985445D002A1996 /* Secret */,
				5A7D6F9729854467002A1996 /* Font */,
				5A7D6F982985446D002A1996 /* Base */,
			);
			path = Configuration;
			sourceTree = "<group>";
		};
		5A7D6F9529854438002A1996 /* Util */ = {
			isa = PBXGroup;
			children = (
				5A7D6F9F298545E2002A1996 /* IndicatorView.swift */,
				5A7D6FA1298546F5002A1996 /* Device.swift */,
				5A7D6FA329854713002A1996 /* Extension */,
			);
			path = Util;
			sourceTree = "<group>";
		};
		5A7D6F962985445D002A1996 /* Secret */ = {
			isa = PBXGroup;
			children = (
			);
			path = Secret;
			sourceTree = "<group>";
		};
		5A7D6F9729854467002A1996 /* Font */ = {
			isa = PBXGroup;
			children = (
				5A7D6F9B2985456B002A1996 /* NotoSansCJKkr-Bold.otf */,
				5A7D6F992985456B002A1996 /* NotoSansCJKkr-Medium.otf */,
				5A7D6F9A2985456B002A1996 /* NotoSansCJKkr-Regular.otf */,
			);
			path = Font;
			sourceTree = "<group>";
		};
		5A7D6F982985446D002A1996 /* Base */ = {
			isa = PBXGroup;
			children = (
			);
			path = Base;
			sourceTree = "<group>";
		};
		5A7D6FA329854713002A1996 /* Extension */ = {
			isa = PBXGroup;
			children = (
				5A7D6FA429854724002A1996 /* Date.swift */,
				5A7D6FA629854736002A1996 /* String.swift */,
				5A7D6FA82985473C002A1996 /* UIColor.swift */,
				5A7D6FAA29854742002A1996 /* UIFont.swift */,
				5A7D6FAC2985474B002A1996 /* UIButton.swift */,
				5A7D6FAE29854754002A1996 /* UIViewController.swift */,
				5A7D6FB029854760002A1996 /* UINavigationBar.swift */,
			);
			path = Extension;
			sourceTree = "<group>";
		};
		5A7D6FB829856684002A1996 /* Profile_Modal */ = {
			isa = PBXGroup;
			children = (
				5A7D6FB62985639B002A1996 /* ProfileModalViewController.swift */,
				5A7D6FC02985F960002A1996 /* ModalTableViewCell.swift */,
				5A7D6FBA298566B5002A1996 /* ProfileModalViewController.storyboard */,
			);
			path = Profile_Modal;
			sourceTree = "<group>";
		};
		5A820B592984FBCB00F3784F = {
			isa = PBXGroup;
			children = (
				5A820B642984FBCB00F3784F /* instagram_ios */,
				5A820B632984FBCB00F3784F /* Products */,
				FAE3F2791B9A97F758D8A200 /* Pods */,
				2702D0BB804FEFC3C73DD190 /* Frameworks */,
			);
			sourceTree = "<group>";
		};
		5A820B632984FBCB00F3784F /* Products */ = {
			isa = PBXGroup;
			children = (
				5A820B622984FBCB00F3784F /* instagram_ios.app */,
			);
			name = Products;
			sourceTree = "<group>";
		};
		5A820B642984FBCB00F3784F /* instagram_ios */ = {
			isa = PBXGroup;
			children = (
				5A820B652984FBCB00F3784F /* AppDelegate.swift */,
				5A820B672984FBCB00F3784F /* SceneDelegate.swift */,
				5A820B6E2984FBCD00F3784F /* Assets.xcassets */,
				5A7D6F922985440D002A1996 /* Configuration */,
				5A7D6F9529854438002A1996 /* Util */,
				5A820B90298515B200F3784F /* Source */,
				5A820B702984FBCD00F3784F /* LaunchScreen.storyboard */,
				5A820B732984FBCD00F3784F /* Info.plist */,
			);
			path = instagram_ios;
			sourceTree = "<group>";
		};
		5A820B7B29850EA700F3784F /* Main */ = {
			isa = PBXGroup;
			children = (
				5A3D7A3529874EBA0020C74F /* Register */,
				5A820B692984FBCB00F3784F /* ViewController.swift */,
				5A820B6B2984FBCB00F3784F /* Main.storyboard */,
			);
			path = Main;
			sourceTree = "<group>";
		};
		5A820B7C29850ED400F3784F /* Search */ = {
			isa = PBXGroup;
			children = (
				5A820B842985127B00F3784F /* SearchViewController.storyboard */,
				5A7D6F9029853B6E002A1996 /* SearchBarViewController.swift */,
				5A820B862985128500F3784F /* SearchViewController.swift */,
			);
			path = Search;
			sourceTree = "<group>";
		};
		5A820B7E29850EE200F3784F /* Shop */ = {
			isa = PBXGroup;
			children = (
				5A820B8C298513CD00F3784F /* ShopViewController.storyboard */,
				5A820B8E298513D200F3784F /* ShopViewController.swift */,
				5A7D6FB2298548C9002A1996 /* ShopNavigationBarViewController.swift */,
			);
			path = Shop;
			sourceTree = "<group>";
		};
		5A820B7F29850EE700F3784F /* Profile */ = {
			isa = PBXGroup;
			children = (
				5A7D6FB829856684002A1996 /* Profile_Modal */,
				5A820B8029850F0600F3784F /* ProfileViewController.storyboard */,
				5A7D6FB429855EAE002A1996 /* ProfileNavigationBarViewController.swift */,
				5A820B8229850F0E00F3784F /* ProfileViewController.swift */,
			);
			path = Profile;
			sourceTree = "<group>";
		};
		5A820B90298515B200F3784F /* Source */ = {
			isa = PBXGroup;
			children = (
				5A7D6F8B29851610002A1996 /* Reels */,
				5A820B7B29850EA700F3784F /* Main */,
				5A820B7C29850ED400F3784F /* Search */,
				5A820B7F29850EE700F3784F /* Profile */,
				5A820B7E29850EE200F3784F /* Shop */,
			);
			path = Source;
			sourceTree = "<group>";
		};
		FAE3F2791B9A97F758D8A200 /* Pods */ = {
			isa = PBXGroup;
			children = (
				89087EE05009C17450D9DE31 /* Pods-instagram_ios.debug.xcconfig */,
				3CC65BFA27945CCE918CE860 /* Pods-instagram_ios.release.xcconfig */,
			);
			path = Pods;
			sourceTree = "<group>";
		};
/* End PBXGroup section */

/* Begin PBXNativeTarget section */
		5A820B612984FBCB00F3784F /* instagram_ios */ = {
			isa = PBXNativeTarget;
			buildConfigurationList = 5A820B762984FBCD00F3784F /* Build configuration list for PBXNativeTarget "instagram_ios" */;
			buildPhases = (
				B757B89E319616DD44A04B04 /* [CP] Check Pods Manifest.lock */,
				5A820B5E2984FBCB00F3784F /* Sources */,
				5A820B5F2984FBCB00F3784F /* Frameworks */,
				5A820B602984FBCB00F3784F /* Resources */,
				CEF6D1EEBDA0B80F7A9763E7 /* [CP] Embed Pods Frameworks */,
			);
			buildRules = (
			);
			dependencies = (
			);
			name = instagram_ios;
			productName = instagram_ios;
			productReference = 5A820B622984FBCB00F3784F /* instagram_ios.app */;
			productType = "com.apple.product-type.application";
		};
/* End PBXNativeTarget section */

/* Begin PBXProject section */
		5A820B5A2984FBCB00F3784F /* Project object */ = {
			isa = PBXProject;
			attributes = {
				BuildIndependentTargetsInParallel = 1;
				LastSwiftUpdateCheck = 1420;
				LastUpgradeCheck = 1420;
				TargetAttributes = {
					5A820B612984FBCB00F3784F = {
						CreatedOnToolsVersion = 14.2;
					};
				};
			};
			buildConfigurationList = 5A820B5D2984FBCB00F3784F /* Build configuration list for PBXProject "instagram_ios" */;
			compatibilityVersion = "Xcode 14.0";
			developmentRegion = en;
			hasScannedForEncodings = 0;
			knownRegions = (
				en,
				Base,
			);
			mainGroup = 5A820B592984FBCB00F3784F;
			productRefGroup = 5A820B632984FBCB00F3784F /* Products */;
			projectDirPath = "";
			projectRoot = "";
			targets = (
				5A820B612984FBCB00F3784F /* instagram_ios */,
			);
		};
/* End PBXProject section */

/* Begin PBXResourcesBuildPhase section */
		5A820B602984FBCB00F3784F /* Resources */ = {
			isa = PBXResourcesBuildPhase;
			buildActionMask = 2147483647;
			files = (
				5A820B722984FBCD00F3784F /* LaunchScreen.storyboard in Resources */,
				5A7D6F9E2985456B002A1996 /* NotoSansCJKkr-Bold.otf in Resources */,
				5A820B6F2984FBCD00F3784F /* Assets.xcassets in Resources */,
				5A3D7A3C2987580E0020C74F /* InfoViewController.storyboard in Resources */,
				5A7D6FBB298566B5002A1996 /* ProfileModalViewController.storyboard in Resources */,
				5A820B8129850F0600F3784F /* ProfileViewController.storyboard in Resources */,
				5A7D6F8D2985161F002A1996 /* ReelsViewController.storyboard in Resources */,
				5A7D6F9D2985456B002A1996 /* NotoSansCJKkr-Regular.otf in Resources */,
				5A820B8D298513CD00F3784F /* ShopViewController.storyboard in Resources */,
				5A820B852985127B00F3784F /* SearchViewController.storyboard in Resources */,
				5A820B6D2984FBCB00F3784F /* Main.storyboard in Resources */,
				5A7D6F9C2985456B002A1996 /* NotoSansCJKkr-Medium.otf in Resources */,
			);
			runOnlyForDeploymentPostprocessing = 0;
		};
/* End PBXResourcesBuildPhase section */

/* Begin PBXShellScriptBuildPhase section */
		B757B89E319616DD44A04B04 /* [CP] Check Pods Manifest.lock */ = {
			isa = PBXShellScriptBuildPhase;
			buildActionMask = 2147483647;
			files = (
			);
			inputFileListPaths = (
			);
			inputPaths = (
				"${PODS_PODFILE_DIR_PATH}/Podfile.lock",
				"${PODS_ROOT}/Manifest.lock",
			);
			name = "[CP] Check Pods Manifest.lock";
			outputFileListPaths = (
			);
			outputPaths = (
				"$(DERIVED_FILE_DIR)/Pods-instagram_ios-checkManifestLockResult.txt",
			);
			runOnlyForDeploymentPostprocessing = 0;
			shellPath = /bin/sh;
			shellScript = "diff \"${PODS_PODFILE_DIR_PATH}/Podfile.lock\" \"${PODS_ROOT}/Manifest.lock\" > /dev/null\nif [ $? != 0 ] ; then\n    # print error to STDERR\n    echo \"error: The sandbox is not in sync with the Podfile.lock. Run 'pod install' or update your CocoaPods installation.\" >&2\n    exit 1\nfi\n# This output is used by Xcode 'outputs' to avoid re-running this script phase.\necho \"SUCCESS\" > \"${SCRIPT_OUTPUT_FILE_0}\"\n";
			showEnvVarsInLog = 0;
		};
		CEF6D1EEBDA0B80F7A9763E7 /* [CP] Embed Pods Frameworks */ = {
			isa = PBXShellScriptBuildPhase;
			buildActionMask = 2147483647;
			files = (
			);
			inputFileListPaths = (
				"${PODS_ROOT}/Target Support Files/Pods-instagram_ios/Pods-instagram_ios-frameworks-${CONFIGURATION}-input-files.xcfilelist",
			);
			name = "[CP] Embed Pods Frameworks";
			outputFileListPaths = (
				"${PODS_ROOT}/Target Support Files/Pods-instagram_ios/Pods-instagram_ios-frameworks-${CONFIGURATION}-output-files.xcfilelist",
			);
			runOnlyForDeploymentPostprocessing = 0;
			shellPath = /bin/sh;
			shellScript = "\"${PODS_ROOT}/Target Support Files/Pods-instagram_ios/Pods-instagram_ios-frameworks.sh\"\n";
			showEnvVarsInLog = 0;
		};
/* End PBXShellScriptBuildPhase section */

/* Begin PBXSourcesBuildPhase section */
		5A820B5E2984FBCB00F3784F /* Sources */ = {
			isa = PBXSourcesBuildPhase;
			buildActionMask = 2147483647;
			files = (
				5A7D6FA2298546F5002A1996 /* Device.swift in Sources */,
				5A3D7A4329877BE10020C74F /* EmailViewController.swift in Sources */,
				5A3D7A6C298841450020C74F /* LoginResponse.swift in Sources */,
				5A3D7A492987907E0020C74F /* PasswordViewController.swift in Sources */,
				5A7D6FA92985473C002A1996 /* UIColor.swift in Sources */,
				5A3D7A4C298792440020C74F /* UserNameViewController.swift in Sources */,
				5A7D6FA729854736002A1996 /* String.swift in Sources */,
				5A3D7A4F298793260020C74F /* ConfirmViewController.swift in Sources */,
				5A3D7A3729874EFB0020C74F /* RegisterViewController.swift in Sources */,
				5A3D7A39298757F30020C74F /* InfoViewController.swift in Sources */,
				5A3D7A5B2987F77A0020C74F /* PhoneViewController.swift in Sources */,
				5A7D6FC529861E49002A1996 /* LoginViewController.swift in Sources */,
				5A3D7A522987AD920020C74F /* FacebookViewController.swift in Sources */,
				5A3D7A5E298807C90020C74F /* UserInfoRequest.swift in Sources */,
				5A7D6FB3298548C9002A1996 /* ShopNavigationBarViewController.swift in Sources */,
				5A7D6FAD2985474B002A1996 /* UIButton.swift in Sources */,
				5A820B872985128500F3784F /* SearchViewController.swift in Sources */,
				5A820B6A2984FBCB00F3784F /* ViewController.swift in Sources */,
				5A7D6F942985441D002A1996 /* Constant.swift in Sources */,
				5A7D6FB529855EAE002A1996 /* ProfileNavigationBarViewController.swift in Sources */,
				5A820B8329850F0E00F3784F /* ProfileViewController.swift in Sources */,
				5A7D6FAF29854754002A1996 /* UIViewController.swift in Sources */,
				5A7D6FC12985F960002A1996 /* ModalTableViewCell.swift in Sources */,
				5A7D6FB72985639B002A1996 /* ProfileModalViewController.swift in Sources */,
				5A3D7A6A298840950020C74F /* LoginDataManager.swift in Sources */,
				5A7D6FA0298545E2002A1996 /* IndicatorView.swift in Sources */,
				5A7D6FAB29854742002A1996 /* UIFont.swift in Sources */,
				5A820B8F298513D200F3784F /* ShopViewController.swift in Sources */,
				5A3D7A572987F2CE0020C74F /* FacebookResponse.swift in Sources */,
				5A3D7A6629883F310020C74F /* LoginRequest.swift in Sources */,
				5A7D6FA529854724002A1996 /* Date.swift in Sources */,
				5A7D6F9129853B6E002A1996 /* SearchBarViewController.swift in Sources */,
				5A3D7A60298807D30020C74F /* UserInfoResponse.swift in Sources */,
				5A820B662984FBCB00F3784F /* AppDelegate.swift in Sources */,
				5A3D7A552987F2110020C74F /* FacebookRequest.swift in Sources */,
				5A3D7A592987F3AC0020C74F /* FacebookDataManager.swift in Sources */,
				5A3D7A4629878A280020C74F /* NameViewController.swift in Sources */,
				5A7D6FB129854760002A1996 /* UINavigationBar.swift in Sources */,
				5A7D6F8F2985162A002A1996 /* ReelsViewController.swift in Sources */,
				5A3D7A62298823200020C74F /* ConfirmDataManager.swift in Sources */,
				5A820B682984FBCB00F3784F /* SceneDelegate.swift in Sources */,
			);
			runOnlyForDeploymentPostprocessing = 0;
		};
/* End PBXSourcesBuildPhase section */

/* Begin PBXVariantGroup section */
		5A820B6B2984FBCB00F3784F /* Main.storyboard */ = {
			isa = PBXVariantGroup;
			children = (
				5A820B6C2984FBCB00F3784F /* Base */,
			);
			name = Main.storyboard;
			sourceTree = "<group>";
		};
		5A820B702984FBCD00F3784F /* LaunchScreen.storyboard */ = {
			isa = PBXVariantGroup;
			children = (
				5A820B712984FBCD00F3784F /* Base */,
			);
			name = LaunchScreen.storyboard;
			sourceTree = "<group>";
		};
/* End PBXVariantGroup section */

/* Begin XCBuildConfiguration section */
		5A820B742984FBCD00F3784F /* Debug */ = {
			isa = XCBuildConfiguration;
			buildSettings = {
				ALWAYS_SEARCH_USER_PATHS = NO;
				CLANG_ANALYZER_NONNULL = YES;
				CLANG_ANALYZER_NUMBER_OBJECT_CONVERSION = YES_AGGRESSIVE;
				CLANG_CXX_LANGUAGE_STANDARD = "gnu++20";
				CLANG_ENABLE_MODULES = YES;
				CLANG_ENABLE_OBJC_ARC = YES;
				CLANG_ENABLE_OBJC_WEAK = YES;
				CLANG_WARN_BLOCK_CAPTURE_AUTORELEASING = YES;
				CLANG_WARN_BOOL_CONVERSION = YES;
				CLANG_WARN_COMMA = YES;
				CLANG_WARN_CONSTANT_CONVERSION = YES;
				CLANG_WARN_DEPRECATED_OBJC_IMPLEMENTATIONS = YES;
				CLANG_WARN_DIRECT_OBJC_ISA_USAGE = YES_ERROR;
				CLANG_WARN_DOCUMENTATION_COMMENTS = YES;
				CLANG_WARN_EMPTY_BODY = YES;
				CLANG_WARN_ENUM_CONVERSION = YES;
				CLANG_WARN_INFINITE_RECURSION = YES;
				CLANG_WARN_INT_CONVERSION = YES;
				CLANG_WARN_NON_LITERAL_NULL_CONVERSION = YES;
				CLANG_WARN_OBJC_IMPLICIT_RETAIN_SELF = YES;
				CLANG_WARN_OBJC_LITERAL_CONVERSION = YES;
				CLANG_WARN_OBJC_ROOT_CLASS = YES_ERROR;
				CLANG_WARN_QUOTED_INCLUDE_IN_FRAMEWORK_HEADER = YES;
				CLANG_WARN_RANGE_LOOP_ANALYSIS = YES;
				CLANG_WARN_STRICT_PROTOTYPES = YES;
				CLANG_WARN_SUSPICIOUS_MOVE = YES;
				CLANG_WARN_UNGUARDED_AVAILABILITY = YES_AGGRESSIVE;
				CLANG_WARN_UNREACHABLE_CODE = YES;
				CLANG_WARN__DUPLICATE_METHOD_MATCH = YES;
				COPY_PHASE_STRIP = NO;
				DEBUG_INFORMATION_FORMAT = dwarf;
				ENABLE_STRICT_OBJC_MSGSEND = YES;
				ENABLE_TESTABILITY = YES;
				GCC_C_LANGUAGE_STANDARD = gnu11;
				GCC_DYNAMIC_NO_PIC = NO;
				GCC_NO_COMMON_BLOCKS = YES;
				GCC_OPTIMIZATION_LEVEL = 0;
				GCC_PREPROCESSOR_DEFINITIONS = (
					"DEBUG=1",
					"$(inherited)",
				);
				GCC_WARN_64_TO_32_BIT_CONVERSION = YES;
				GCC_WARN_ABOUT_RETURN_TYPE = YES_ERROR;
				GCC_WARN_UNDECLARED_SELECTOR = YES;
				GCC_WARN_UNINITIALIZED_AUTOS = YES_AGGRESSIVE;
				GCC_WARN_UNUSED_FUNCTION = YES;
				GCC_WARN_UNUSED_VARIABLE = YES;
				IPHONEOS_DEPLOYMENT_TARGET = 16.0;
				MTL_ENABLE_DEBUG_INFO = INCLUDE_SOURCE;
				MTL_FAST_MATH = YES;
				ONLY_ACTIVE_ARCH = YES;
				SDKROOT = iphoneos;
				SWIFT_ACTIVE_COMPILATION_CONDITIONS = DEBUG;
				SWIFT_OPTIMIZATION_LEVEL = "-Onone";
			};
			name = Debug;
		};
		5A820B752984FBCD00F3784F /* Release */ = {
			isa = XCBuildConfiguration;
			buildSettings = {
				ALWAYS_SEARCH_USER_PATHS = NO;
				CLANG_ANALYZER_NONNULL = YES;
				CLANG_ANALYZER_NUMBER_OBJECT_CONVERSION = YES_AGGRESSIVE;
				CLANG_CXX_LANGUAGE_STANDARD = "gnu++20";
				CLANG_ENABLE_MODULES = YES;
				CLANG_ENABLE_OBJC_ARC = YES;
				CLANG_ENABLE_OBJC_WEAK = YES;
				CLANG_WARN_BLOCK_CAPTURE_AUTORELEASING = YES;
				CLANG_WARN_BOOL_CONVERSION = YES;
				CLANG_WARN_COMMA = YES;
				CLANG_WARN_CONSTANT_CONVERSION = YES;
				CLANG_WARN_DEPRECATED_OBJC_IMPLEMENTATIONS = YES;
				CLANG_WARN_DIRECT_OBJC_ISA_USAGE = YES_ERROR;
				CLANG_WARN_DOCUMENTATION_COMMENTS = YES;
				CLANG_WARN_EMPTY_BODY = YES;
				CLANG_WARN_ENUM_CONVERSION = YES;
				CLANG_WARN_INFINITE_RECURSION = YES;
				CLANG_WARN_INT_CONVERSION = YES;
				CLANG_WARN_NON_LITERAL_NULL_CONVERSION = YES;
				CLANG_WARN_OBJC_IMPLICIT_RETAIN_SELF = YES;
				CLANG_WARN_OBJC_LITERAL_CONVERSION = YES;
				CLANG_WARN_OBJC_ROOT_CLASS = YES_ERROR;
				CLANG_WARN_QUOTED_INCLUDE_IN_FRAMEWORK_HEADER = YES;
				CLANG_WARN_RANGE_LOOP_ANALYSIS = YES;
				CLANG_WARN_STRICT_PROTOTYPES = YES;
				CLANG_WARN_SUSPICIOUS_MOVE = YES;
				CLANG_WARN_UNGUARDED_AVAILABILITY = YES_AGGRESSIVE;
				CLANG_WARN_UNREACHABLE_CODE = YES;
				CLANG_WARN__DUPLICATE_METHOD_MATCH = YES;
				COPY_PHASE_STRIP = NO;
				DEBUG_INFORMATION_FORMAT = "dwarf-with-dsym";
				ENABLE_NS_ASSERTIONS = NO;
				ENABLE_STRICT_OBJC_MSGSEND = YES;
				GCC_C_LANGUAGE_STANDARD = gnu11;
				GCC_NO_COMMON_BLOCKS = YES;
				GCC_WARN_64_TO_32_BIT_CONVERSION = YES;
				GCC_WARN_ABOUT_RETURN_TYPE = YES_ERROR;
				GCC_WARN_UNDECLARED_SELECTOR = YES;
				GCC_WARN_UNINITIALIZED_AUTOS = YES_AGGRESSIVE;
				GCC_WARN_UNUSED_FUNCTION = YES;
				GCC_WARN_UNUSED_VARIABLE = YES;
				IPHONEOS_DEPLOYMENT_TARGET = 16.0;
				MTL_ENABLE_DEBUG_INFO = NO;
				MTL_FAST_MATH = YES;
				SDKROOT = iphoneos;
				SWIFT_COMPILATION_MODE = wholemodule;
				SWIFT_OPTIMIZATION_LEVEL = "-O";
				VALIDATE_PRODUCT = YES;
			};
			name = Release;
		};
		5A820B772984FBCD00F3784F /* Debug */ = {
			isa = XCBuildConfiguration;
			baseConfigurationReference = 89087EE05009C17450D9DE31 /* Pods-instagram_ios.debug.xcconfig */;
			buildSettings = {
				ASSETCATALOG_COMPILER_APPICON_NAME = AppIcon;
				ASSETCATALOG_COMPILER_GLOBAL_ACCENT_COLOR_NAME = AccentColor;
				CODE_SIGN_STYLE = Automatic;
				CURRENT_PROJECT_VERSION = 1;
				DEVELOPMENT_TEAM = 49256BK4G3;
				GENERATE_INFOPLIST_FILE = YES;
				INFOPLIST_FILE = instagram_ios/Info.plist;
				INFOPLIST_KEY_UIApplicationSupportsIndirectInputEvents = YES;
				INFOPLIST_KEY_UILaunchStoryboardName = LaunchScreen;
				INFOPLIST_KEY_UIMainStoryboardFile = Main;
				INFOPLIST_KEY_UISupportedInterfaceOrientations_iPad = "UIInterfaceOrientationPortrait UIInterfaceOrientationPortraitUpsideDown UIInterfaceOrientationLandscapeLeft UIInterfaceOrientationLandscapeRight";
				INFOPLIST_KEY_UISupportedInterfaceOrientations_iPhone = "UIInterfaceOrientationPortrait UIInterfaceOrientationLandscapeLeft UIInterfaceOrientationLandscapeRight";
				LD_RUNPATH_SEARCH_PATHS = (
					"$(inherited)",
					"@executable_path/Frameworks",
				);
				MARKETING_VERSION = 1.0;
				PRODUCT_BUNDLE_IDENTIFIER = "practice.instagram-ios";
				PRODUCT_NAME = "$(TARGET_NAME)";
				SWIFT_EMIT_LOC_STRINGS = YES;
				SWIFT_VERSION = 5.0;
				TARGETED_DEVICE_FAMILY = "1,2";
			};
			name = Debug;
		};
		5A820B782984FBCD00F3784F /* Release */ = {
			isa = XCBuildConfiguration;
			baseConfigurationReference = 3CC65BFA27945CCE918CE860 /* Pods-instagram_ios.release.xcconfig */;
			buildSettings = {
				ASSETCATALOG_COMPILER_APPICON_NAME = AppIcon;
				ASSETCATALOG_COMPILER_GLOBAL_ACCENT_COLOR_NAME = AccentColor;
				CODE_SIGN_STYLE = Automatic;
				CURRENT_PROJECT_VERSION = 1;
				DEVELOPMENT_TEAM = 49256BK4G3;
				GENERATE_INFOPLIST_FILE = YES;
				INFOPLIST_FILE = instagram_ios/Info.plist;
				INFOPLIST_KEY_UIApplicationSupportsIndirectInputEvents = YES;
				INFOPLIST_KEY_UILaunchStoryboardName = LaunchScreen;
				INFOPLIST_KEY_UIMainStoryboardFile = Main;
				INFOPLIST_KEY_UISupportedInterfaceOrientations_iPad = "UIInterfaceOrientationPortrait UIInterfaceOrientationPortraitUpsideDown UIInterfaceOrientationLandscapeLeft UIInterfaceOrientationLandscapeRight";
				INFOPLIST_KEY_UISupportedInterfaceOrientations_iPhone = "UIInterfaceOrientationPortrait UIInterfaceOrientationLandscapeLeft UIInterfaceOrientationLandscapeRight";
				LD_RUNPATH_SEARCH_PATHS = (
					"$(inherited)",
					"@executable_path/Frameworks",
				);
				MARKETING_VERSION = 1.0;
				PRODUCT_BUNDLE_IDENTIFIER = "practice.instagram-ios";
				PRODUCT_NAME = "$(TARGET_NAME)";
				SWIFT_EMIT_LOC_STRINGS = YES;
				SWIFT_VERSION = 5.0;
				TARGETED_DEVICE_FAMILY = "1,2";
			};
			name = Release;
		};
/* End XCBuildConfiguration section */

/* Begin XCConfigurationList section */
		5A820B5D2984FBCB00F3784F /* Build configuration list for PBXProject "instagram_ios" */ = {
			isa = XCConfigurationList;
			buildConfigurations = (
				5A820B742984FBCD00F3784F /* Debug */,
				5A820B752984FBCD00F3784F /* Release */,
			);
			defaultConfigurationIsVisible = 0;
			defaultConfigurationName = Release;
		};
		5A820B762984FBCD00F3784F /* Build configuration list for PBXNativeTarget "instagram_ios" */ = {
			isa = XCConfigurationList;
			buildConfigurations = (
				5A820B772984FBCD00F3784F /* Debug */,
				5A820B782984FBCD00F3784F /* Release */,
			);
			defaultConfigurationIsVisible = 0;
			defaultConfigurationName = Release;
		};
/* End XCConfigurationList section */
	};
	rootObject = 5A820B5A2984FBCB00F3784F /* Project object */;
}
